{
  "name": "@qtxr/ds",
  "version": "1.3.0",
  "lockfileVersion": 1,
  "requires": true,
  "dependencies": {
    "@qtxr/utils": {
      "version": "1.51.3",
      "resolved": "https://registry.npmjs.org/@qtxr/utils/-/utils-1.51.3.tgz",
      "integrity": "sha512-LZamVlGBBZEXo1wGEoJtLpcf7gsTgeTlOp12ogiY9MT3ijPrVTZV+ifSGGuKFWgzwmidby8e09Ca4H0rQdvXQw=="
    }
  }
}
