{
  "name": "@qtxr/ds",
  "version": "1.4.4",
  "lockfileVersion": 1,
  "requires": true,
  "dependencies": {
    "@qtxr/utils": {
      "version": "1.61.3",
      "resolved": "https://registry.npmjs.org/@qtxr/utils/-/utils-1.61.3.tgz",
      "integrity": "sha512-+/xEpVwIuv4q+KF2Qcn02M4BLQxrWXN5ClehLG6/ScpweOhR+V7zC+WXm/XN3h+Q/7HQboxQiPHBNsxyE/WLPQ=="
    }
  }
}
