{
  "name": "@qtxr/ds",
  "version": "1.4.10",
  "lockfileVersion": 1,
  "requires": true,
  "dependencies": {
    "@qtxr/utils": {
      "version": "1.75.2",
      "resolved": "https://registry.npmjs.org/@qtxr/utils/-/utils-1.75.2.tgz",
      "integrity": "sha512-MShHDaGrTom90Rbbw5xD/e3JjyDFJCBL4DOXWKLwf/voivXs82weCeKzHiHmvO0QWG93e7yT28Ha53xWPX6Y3Q=="
    }
  }
}
