{
  "name": "@qtxr/i18n",
  "version": "3.3.1",
  "lockfileVersion": 1,
  "requires": true,
  "dependencies": {
    "@qtxr/bc": {
      "version": "1.4.3",
      "resolved": "https://registry.npmjs.org/@qtxr/bc/-/bc-1.4.3.tgz",
      "integrity": "sha512-XuJZgyP9oDVtHmn5IX78DeSn5vVOmwmRXsZ8gxyWeJNuvJs97JOJA+EBJj3ZudeqBofvwcr4a56ZMX+W/p+mNQ==",
      "requires": {
        "@qtxr/ds": "^1.0.1",
        "@qtxr/utils": "^1.36.1"
      }
    },
    "@qtxr/ds": {
      "version": "1.2.1",
      "resolved": "https://registry.npmjs.org/@qtxr/ds/-/ds-1.2.1.tgz",
      "integrity": "sha512-3CxLSi/5j5oGzWm6bYbXtPNwQIWYXrFosjR+zy19K+WoWfGFSsTN/6mm4iaIdjxYyqdNpami+JBI4qg5K0qSgw==",
      "requires": {
        "@qtxr/utils": "^1.44.3"
      }
    },
    "@qtxr/request": {
      "version": "3.8.3",
      "resolved": "https://registry.npmjs.org/@qtxr/request/-/request-3.8.3.tgz",
      "integrity": "sha512-QanLMowcLuhCLtVsAAlsdwvJirbhsIh1Av33E/6o9KMrL/VD4v5C04ZsK+h6Cd+kepSu9ZvdjS4ecVDKe3K2PQ==",
      "requires": {
        "@qtxr/bc": "^1.4.3",
        "@qtxr/url": "^1.2.2",
        "@qtxr/utils": "^1.40.2"
      }
    },
    "@qtxr/url": {
      "version": "1.2.3",
      "resolved": "https://registry.npmjs.org/@qtxr/url/-/url-1.2.3.tgz",
      "integrity": "sha512-W7UuoFxXYxR91X2A25HZFCXLQoTDnmcNE0AZEsfHMBnmlZjFJv4ohWyY3GJivMyHjiMXMXJID3NW1WoNW5iCYQ==",
      "requires": {
        "@qtxr/utils": "^1.44.3"
      }
    },
    "@qtxr/utils": {
      "version": "1.44.4",
      "resolved": "https://registry.npmjs.org/@qtxr/utils/-/utils-1.44.4.tgz",
      "integrity": "sha512-MrNOHvplG+yILuAP/uJtYbl41TROU80SfvSvKPqQI12rNQKfIpBiJu+gCGhhBp+jlDGDzw+LLRA00u7iV1NzxA=="
    }
  }
}
