{
  "name": "@qtxr/i18n",
  "version": "3.5.3",
  "lockfileVersion": 1,
  "requires": true,
  "dependencies": {
    "@qtxr/bc": {
      "version": "1.5.2",
      "resolved": "https://registry.npmjs.org/@qtxr/bc/-/bc-1.5.2.tgz",
      "integrity": "sha512-93vlKUjbZoo6G4ga8bvReJuqARrlp9taT/509pc0jgi5hp+kSqYMyG6hKYszUGl+A8qxHvhnTOWDdE5zxCpw9A==",
      "requires": {
        "@qtxr/ds": "^1.4.6",
        "@qtxr/utils": "^1.68.1"
      }
    },
    "@qtxr/ds": {
      "version": "1.4.6",
      "resolved": "https://registry.npmjs.org/@qtxr/ds/-/ds-1.4.6.tgz",
      "integrity": "sha512-AzD95wVoqYHFVA5RMIwJCrDSFJa5uA/9Od76s/EKemHCOm9Ig3uQTQEakFaSHpRL8NVj3eP8uaRcFwms3s0o6A==",
      "requires": {
        "@qtxr/utils": "^1.68.1"
      }
    },
    "@qtxr/request": {
      "version": "3.8.7",
      "resolved": "https://registry.npmjs.org/@qtxr/request/-/request-3.8.7.tgz",
      "integrity": "sha512-aFIAQblnsRo+jujZi+EuPte2rX/hwz+jL6eN4zDX79RjIs4U6QTVXom9bpyA89RTOG+Sx3/ea4AAAksRsNMiuA==",
      "requires": {
        "@qtxr/bc": "^1.5.2",
        "@qtxr/url": "^1.2.6",
        "@qtxr/utils": "^1.68.1"
      }
    },
    "@qtxr/url": {
      "version": "1.2.6",
      "resolved": "https://registry.npmjs.org/@qtxr/url/-/url-1.2.6.tgz",
      "integrity": "sha512-AoBGKN12E91CN1HIhaNdLzAKxBw7Ds03u6ISf+kW4ID94Hj02G+CRt+xqm25eMC/iWFYPrE1dg7cAPKyWNY2HA==",
      "requires": {
        "@qtxr/utils": "^1.68.1"
      }
    },
    "@qtxr/utils": {
      "version": "1.68.1",
      "resolved": "https://registry.npmjs.org/@qtxr/utils/-/utils-1.68.1.tgz",
      "integrity": "sha512-OLEHQL7cEXizI/E79xJk8KT/0uzkmJpVJ29sg6Ku3fL3hXuMsTO8AAHbKXsALpB5Y6NujeQ+B2IcOmhXP4sx+g=="
    }
  }
}
