{
  "name": "@qtxr/i18n",
  "version": "2.3.8",
  "lockfileVersion": 1,
  "requires": true,
  "dependencies": {
    "@qtxr/bc": {
      "version": "1.2.5",
      "resolved": "https://registry.npmjs.org/@qtxr/bc/-/bc-1.2.5.tgz",
      "integrity": "sha512-EyvpMsMSXBgZdhAD1W1HKQVlXIWxaHR91ILKxKUCrdraO29hwMR25ATGpXO6M73VHAHuatuOVLUJlg1Il4Q20A==",
      "requires": {
        "@qtxr/utils": "^1.21.4"
      }
    },
    "@qtxr/request": {
      "version": "3.0.5",
      "resolved": "https://registry.npmjs.org/@qtxr/request/-/request-3.0.5.tgz",
      "integrity": "sha512-rYD4/KfWzQv3qa+FwCmy03hBYnwJs8nTTbb4YdT9m5kv38CaRLGpVl6cI4IglCtCM6eCOXzmKDi7L66a6oSuqw==",
      "requires": {
        "@qtxr/bc": "^1.2.5",
        "@qtxr/url": "^1.1.1",
        "@qtxr/utils": "^1.23.2"
      }
    },
    "@qtxr/url": {
      "version": "1.1.1",
      "resolved": "https://registry.npmjs.org/@qtxr/url/-/url-1.1.1.tgz",
      "integrity": "sha512-8lfP2pVwvBgsfVX06qZrcBxyGUErhAk6scKDf5CBuRhoXo97CZp1sScU8nA7PY00RJbb/O/cnghbRlHbhelRRw=="
    },
    "@qtxr/utils": {
      "version": "1.23.2",
      "resolved": "https://registry.npmjs.org/@qtxr/utils/-/utils-1.23.2.tgz",
      "integrity": "sha512-U+tYafCwGf9iFrkDVR5qnnHLoS6h1OyqCqtxSTFKVV31SXSjOXw2y/jxb8rPjxlrTkUFBOqlgY4Sk4BoaKSZVg=="
    }
  }
}
