{
  "name": "@qtxr/uc",
  "version": "1.0.2",
  "lockfileVersion": 1,
  "requires": true,
  "dependencies": {
    "@qtxr/utils": {
      "version": "1.8.0",
      "resolved": "https://registry.npmjs.org/@qtxr/utils/-/utils-1.8.0.tgz",
      "integrity": "sha512-aA03nbM9vQRoCuCIOnO+D6R6q+GLKhK0pGNYSoU2CryFBwW2d1sHhWajVYb5oL5clXX+cxYGWZ12zUYzrEH9nA=="
    }
  }
}
