{
  "name": "@qtxr/uc",
  "version": "1.2.0",
  "lockfileVersion": 1,
  "requires": true,
  "dependencies": {
    "@qtxr/bc": {
      "version": "1.2.3",
      "resolved": "https://registry.npmjs.org/@qtxr/bc/-/bc-1.2.3.tgz",
      "integrity": "sha512-fVqSeHOkwYDshFiPRU0xmJcsPWmhLigV33ZBjEEK086UaE0AJNAplhNmZ9SYJAepiQ/dpeOMG9mnN640f1i4kA==",
      "requires": {
        "@qtxr/utils": "^1.9.0"
      },
      "dependencies": {
        "@qtxr/utils": {
          "version": "1.11.0",
          "resolved": "https://registry.npmjs.org/@qtxr/utils/-/utils-1.11.0.tgz",
          "integrity": "sha512-I7BDsIARbxbAB3Ah9hdPuiJCRarGEtNrC3NfWYSYh/P5wp3CXcc+2LrNoqKM0cLyhLHu7MVO9//+ocDlhtOU2w=="
        }
      }
    },
    "@qtxr/utils": {
      "version": "1.18.0",
      "resolved": "https://registry.npmjs.org/@qtxr/utils/-/utils-1.18.0.tgz",
      "integrity": "sha512-o8VCGrytyfMr/d80jN0rKv+ZdufCgD0Fb4+GfEQibi4pyQ9yBtyIX1ppfDBOUBFAztI/gvGrFOhPUG40aFBpNA=="
    }
  }
}
