{
  "name": "@qtxr/uc",
  "version": "1.6.2",
  "lockfileVersion": 1,
  "requires": true,
  "dependencies": {
    "@qtxr/bc": {
      "version": "1.4.3",
      "resolved": "https://registry.npmjs.org/@qtxr/bc/-/bc-1.4.3.tgz",
      "integrity": "sha512-XuJZgyP9oDVtHmn5IX78DeSn5vVOmwmRXsZ8gxyWeJNuvJs97JOJA+EBJj3ZudeqBofvwcr4a56ZMX+W/p+mNQ==",
      "requires": {
        "@qtxr/ds": "^1.0.1",
        "@qtxr/utils": "^1.36.1"
      }
    },
    "@qtxr/ds": {
      "version": "1.0.1",
      "resolved": "https://registry.npmjs.org/@qtxr/ds/-/ds-1.0.1.tgz",
      "integrity": "sha512-llCO83gaNOoJ8aTWI3/5Th7lxQSKX9eva38WZhiF/gDpaRomi283SOegavF33lROmwUKmtFirs2mVw6nkDZrNA==",
      "requires": {
        "@qtxr/utils": "^1.33.0"
      }
    },
    "@qtxr/utils": {
      "version": "1.40.0",
      "resolved": "https://registry.npmjs.org/@qtxr/utils/-/utils-1.40.0.tgz",
      "integrity": "sha512-Sz1wIPrIwXXWmBaKWs6/KI/PTYCbFAvuCxqqPqoP61w2DzxcRkaBYT3DkCTqtKt4sN7osE8EmMTYCy3uwhKg0g=="
    }
  }
}
