{
  "name": "@qtxr/anim",
  "version": "2.0.7",
  "lockfileVersion": 2,
  "requires": true,
  "packages": {
    "": {
      "name": "@qtxr/anim",
      "version": "2.0.7",
      "license": "MIT",
      "dependencies": {
        "@qtxr/utils": "^1.79.0"
      }
    },
    "node_modules/@qtxr/utils": {
      "version": "1.79.0",
      "resolved": "https://registry.npmjs.org/@qtxr/utils/-/utils-1.79.0.tgz",
      "integrity": "sha512-8rqFSQYPZZiTmshwlAaKYd0jv1G2HbW3ELHhOItQJPsRCBkC9BTSWzkYM1pOgYYYFt3X1NTbXHX9D3gzb8v+fw=="
    }
  },
  "dependencies": {
    "@qtxr/utils": {
      "version": "1.79.0",
      "resolved": "https://registry.npmjs.org/@qtxr/utils/-/utils-1.79.0.tgz",
      "integrity": "sha512-8rqFSQYPZZiTmshwlAaKYd0jv1G2HbW3ELHhOItQJPsRCBkC9BTSWzkYM1pOgYYYFt3X1NTbXHX9D3gzb8v+fw=="
    }
  }
}
