{
  "name": "@qtxr/anim",
  "version": "1.0.0",
  "lockfileVersion": 1,
  "requires": true,
  "dependencies": {
    "@qtxr/utils": {
      "version": "1.3.0",
      "resolved": "https://registry.npmjs.org/@qtxr/utils/-/utils-1.3.0.tgz",
      "integrity": "sha512-ngsr18c8kxmJHC94WANpvaIBtQAmBwWg0LZ9ri1M+0C6q0rbqnNvN64H9mPumaSFqYKzPnpIdCu0CDUxggdMfQ=="
    }
  }
}
