{
  "name": "@qtxr/request",
  "version": "3.9.3",
  "lockfileVersion": 1,
  "requires": true,
  "dependencies": {
    "@qtxr/bc": {
      "version": "1.8.0",
      "resolved": "https://registry.npmjs.org/@qtxr/bc/-/bc-1.8.0.tgz",
      "integrity": "sha512-CqU3WlAfwGMnOLEhBXP6ESZFsAWbQK9dkFGzNLR8QziQGop6fwflhqqrJ//DIMZa7T81ebUPErBxwI4/78fR9Q==",
      "requires": {
        "@qtxr/ds": "^1.4.9",
        "@qtxr/utils": "^1.75.1"
      }
    },
    "@qtxr/ds": {
      "version": "1.4.9",
      "resolved": "https://registry.npmjs.org/@qtxr/ds/-/ds-1.4.9.tgz",
      "integrity": "sha512-VgI/dESLR3k0LhDAtwttx3Qf5xMGn2hhDDMhf4hCSfoRnaqnEAhMGbooEZrMm6f4J3yUW2bGFaLaZaYXilnGjw==",
      "requires": {
        "@qtxr/utils": "^1.75.0"
      }
    },
    "@qtxr/url": {
      "version": "1.2.8",
      "resolved": "https://registry.npmjs.org/@qtxr/url/-/url-1.2.8.tgz",
      "integrity": "sha512-TEUlK5rEFfLI6sf8YpSXlrsDKHs8CmD+LwxibevlDlJR1g9nkRgO52CZctgmYaXFUzfLraFb/TLS5M8W7N8Z+w==",
      "requires": {
        "@qtxr/utils": "^1.75.0"
      }
    },
    "@qtxr/utils": {
      "version": "1.75.2",
      "resolved": "https://registry.npmjs.org/@qtxr/utils/-/utils-1.75.2.tgz",
      "integrity": "sha512-MShHDaGrTom90Rbbw5xD/e3JjyDFJCBL4DOXWKLwf/voivXs82weCeKzHiHmvO0QWG93e7yT28Ha53xWPX6Y3Q=="
    }
  }
}
