{
  "name": "@qtxr/request",
  "version": "3.3.1",
  "lockfileVersion": 1,
  "requires": true,
  "dependencies": {
    "@qtxr/bc": {
      "version": "1.2.7",
      "resolved": "https://registry.npmjs.org/@qtxr/bc/-/bc-1.2.7.tgz",
      "integrity": "sha512-LsgCg3R6JQpI4xlz0cKrEpwPpU0MNoTD+3vHtck0IRVbAA7GK1VuzgO3KhxIm7FYXWuqrlz6jzW0WzSL1GPNUg==",
      "requires": {
        "@qtxr/utils": "^1.26.2"
      }
    },
    "@qtxr/url": {
      "version": "1.1.1",
      "resolved": "https://registry.npmjs.org/@qtxr/url/-/url-1.1.1.tgz",
      "integrity": "sha512-8lfP2pVwvBgsfVX06qZrcBxyGUErhAk6scKDf5CBuRhoXo97CZp1sScU8nA7PY00RJbb/O/cnghbRlHbhelRRw=="
    },
    "@qtxr/utils": {
      "version": "1.28.3",
      "resolved": "https://registry.npmjs.org/@qtxr/utils/-/utils-1.28.3.tgz",
      "integrity": "sha512-M+piTUlIzBNRXuL3JxR92BSzg13u+oUJo3nIOKiQtzmdg3y/FKvPmYOi4jpJYWvrw2lSPEglLPBxWsevrGYqKw=="
    }
  }
}
