{
  "name": "@qtxr/request",
  "version": "3.7.2",
  "lockfileVersion": 1,
  "requires": true,
  "dependencies": {
    "@qtxr/bc": {
      "version": "1.4.2",
      "resolved": "https://registry.npmjs.org/@qtxr/bc/-/bc-1.4.2.tgz",
      "integrity": "sha512-Ipd26Y9zid2R2V8rSsEag+Ql9tw1ap0zizL13IikpZfhk514uqRd8jmdxXLUkr3fbhs7oTUPxFsxYEgYsUTnjg==",
      "requires": {
        "@qtxr/ds": "^1.0.1",
        "@qtxr/utils": "^1.36.1"
      }
    },
    "@qtxr/ds": {
      "version": "1.0.1",
      "resolved": "https://registry.npmjs.org/@qtxr/ds/-/ds-1.0.1.tgz",
      "integrity": "sha512-llCO83gaNOoJ8aTWI3/5Th7lxQSKX9eva38WZhiF/gDpaRomi283SOegavF33lROmwUKmtFirs2mVw6nkDZrNA==",
      "requires": {
        "@qtxr/utils": "^1.33.0"
      }
    },
    "@qtxr/url": {
      "version": "1.1.4",
      "resolved": "https://registry.npmjs.org/@qtxr/url/-/url-1.1.4.tgz",
      "integrity": "sha512-ZajSE5//lRIgJ8kzyDyNcfTQEaHTsKAk3//Etng7nEA5WyVuQIfRqOvrV1Kv8mBuaoPj4GxYwlEJUyVBgx6BiA=="
    },
    "@qtxr/utils": {
      "version": "1.36.1",
      "resolved": "https://registry.npmjs.org/@qtxr/utils/-/utils-1.36.1.tgz",
      "integrity": "sha512-sc62mEoa66XcXleib/oLVEo4hqYChL2CO46kCCEn2YCVIW1pW1cgF6iZ+UXCH/3tb7nlLpbhrKvolLRQ4jz+KQ=="
    }
  }
}
