{
  "name": "@qtxr/vue-form",
  "version": "3.1.3",
  "lockfileVersion": 1,
  "requires": true,
  "dependencies": {
    "@qtxr/bc": {
      "version": "1.5.0",
      "resolved": "https://registry.npmjs.org/@qtxr/bc/-/bc-1.5.0.tgz",
      "integrity": "sha512-AjL0VFp5RerWWvd3/De4DD/BoI1kMPX+zVPYf2MQQF7RMjb88Vhf+S2i9vAKGWZZ6Ptw19AFCnZ0v5m7i+neQg==",
      "requires": {
        "@qtxr/ds": "^1.2.2",
        "@qtxr/utils": "^1.50.2"
      }
    },
    "@qtxr/ds": {
      "version": "1.3.0",
      "resolved": "https://registry.npmjs.org/@qtxr/ds/-/ds-1.3.0.tgz",
      "integrity": "sha512-3OYFiNyp/x97FoxCXcsntO90nrjWGY2BC4hxIiiQrhmzZ+Ey6SAUjFZP1Dv0qZ/re1hJSMFczvTp79GtxehKOg==",
      "requires": {
        "@qtxr/utils": "^1.51.3"
      }
    },
    "@qtxr/evt": {
      "version": "1.2.3",
      "resolved": "https://registry.npmjs.org/@qtxr/evt/-/evt-1.2.3.tgz",
      "integrity": "sha512-JBwGvbNmqKXZURJupDjGZ7eWjhhQTfUcL8dGz+CPHXtO+dHPpoJ8bMx+Vn4wGq+W8NPJyAyniJdG0qrD0gEFqg==",
      "requires": {
        "@qtxr/utils": "^1.51.1"
      }
    },
    "@qtxr/form": {
      "version": "2.3.0",
      "resolved": "https://registry.npmjs.org/@qtxr/form/-/form-2.3.0.tgz",
      "integrity": "sha512-zNyxzlZF6CIGSpFX5KrCeHTDeNYoJRjfNjCkckQNdvvn8ovvwdKbl3yeKDJfd46ljWGlj1wY4M7MbvePifP/ow==",
      "requires": {
        "@qtxr/bc": "^1.5.0",
        "@qtxr/evt": "^1.2.3",
        "@qtxr/uc": "^1.7.0",
        "@qtxr/utils": "^1.53.1"
      }
    },
    "@qtxr/scss-utils": {
      "version": "1.3.0",
      "resolved": "https://registry.npmjs.org/@qtxr/scss-utils/-/scss-utils-1.3.0.tgz",
      "integrity": "sha512-EZLBIPcsgWpyEpGLuZAu663SV4Um+jpPCJR5SiSsBHsbOt4v3uXX4GbSykWj4bve5atYYRbiTJ0mouGtWgNvvg=="
    },
    "@qtxr/uc": {
      "version": "1.7.0",
      "resolved": "https://registry.npmjs.org/@qtxr/uc/-/uc-1.7.0.tgz",
      "integrity": "sha512-Qx9j+hjLxg+T1oQ4AMCg7b8tKQUw1pMWYS3W7E+2u3nWvk93EifZ1H9PMfAuz6GXe/ZZUxC/fCQjrHoFnsy5nQ==",
      "requires": {
        "@qtxr/bc": "^1.4.3",
        "@qtxr/utils": "^1.40.1"
      }
    },
    "@qtxr/utils": {
      "version": "1.53.1",
      "resolved": "https://registry.npmjs.org/@qtxr/utils/-/utils-1.53.1.tgz",
      "integrity": "sha512-TLw3gkXuUzbuuzOKb0Y/4aYyhs/4RoxzdYeZ4lcmrOdT+cq6NxB+1ikTUyyGzTiBgIeyVRUQcac0uRUAcXriGg=="
    }
  }
}
