{
  "name": "@qtxr/vue-form",
  "version": "1.2.0",
  "lockfileVersion": 1,
  "requires": true,
  "dependencies": {
    "@qtxr/bc": {
      "version": "1.2.1",
      "resolved": "https://registry.npmjs.org/@qtxr/bc/-/bc-1.2.1.tgz",
      "integrity": "sha512-9EwSgdtFB3K1dODP7LePNLVfvVGlL0+7N6/1QvIxQZBoYBItU/XX0PmyvA0kXcKQUUQVtkhSbqVunFA2c1gjKQ==",
      "requires": {
        "@qtxr/utils": "^1.2.1"
      }
    },
    "@qtxr/evt": {
      "version": "1.0.0",
      "resolved": "https://registry.npmjs.org/@qtxr/evt/-/evt-1.0.0.tgz",
      "integrity": "sha512-2l8Y54CgtmOcyJlXPnbD9GXgrNLyDzvetNES+dgLZN+MgKC9lN32jKoZz6vGChb9S5iArb2DOYRAfxMWc4Fwyw=="
    },
    "@qtxr/form": {
      "version": "1.2.2",
      "resolved": "https://registry.npmjs.org/@qtxr/form/-/form-1.2.2.tgz",
      "integrity": "sha512-Q9I3wN9kJQPJ3986bw8ZQ4iZ54Lyh2zYTxnJlMj4bh6I8yjW50yQHXLXbTHNSvMZ/PvjJLb0dl3WjbXFhZI8tA==",
      "requires": {
        "@qtxr/bc": "^1.2.1",
        "@qtxr/evt": "^1.0.0",
        "@qtxr/utils": "^1.4.1"
      }
    },
    "@qtxr/utils": {
      "version": "1.4.1",
      "resolved": "https://registry.npmjs.org/@qtxr/utils/-/utils-1.4.1.tgz",
      "integrity": "sha512-5qJynQ2lEGNjwXU2oKyhNFrDJzooJsqUBIyQwoAD73i/f5jpb3tSq1vlOB+Fnr8vga7zSlP+Fxsx/O199apvFw=="
    }
  }
}
