{
  "name": "@qtxr/vue-form",
  "version": "2.11.12",
  "lockfileVersion": 1,
  "requires": true,
  "dependencies": {
    "@qtxr/bc": {
      "version": "1.4.3",
      "resolved": "https://registry.npmjs.org/@qtxr/bc/-/bc-1.4.3.tgz",
      "integrity": "sha512-XuJZgyP9oDVtHmn5IX78DeSn5vVOmwmRXsZ8gxyWeJNuvJs97JOJA+EBJj3ZudeqBofvwcr4a56ZMX+W/p+mNQ==",
      "requires": {
        "@qtxr/ds": "^1.0.1",
        "@qtxr/utils": "^1.36.1"
      }
    },
    "@qtxr/ds": {
      "version": "1.2.0",
      "resolved": "https://registry.npmjs.org/@qtxr/ds/-/ds-1.2.0.tgz",
      "integrity": "sha512-39d/07Qz8Frl0s2+nqOrHl+ySSRWODaLEKl2rPFM/Yu7PLsDQyHsceNSSt033JUmfkhf5WMTMXd/njQzZDtudg==",
      "requires": {
        "@qtxr/utils": "^1.40.2"
      }
    },
    "@qtxr/evt": {
      "version": "1.1.1",
      "resolved": "https://registry.npmjs.org/@qtxr/evt/-/evt-1.1.1.tgz",
      "integrity": "sha512-GEivG2Xi5hiZED0ek2VswcVweu+uJg5zFpKa+JCgj51BiplsKW3o6f+G4b3OD24GC8+Ucl5AxZksaWzaoqDuBw==",
      "requires": {
        "@qtxr/utils": "^1.21.4"
      }
    },
    "@qtxr/form": {
      "version": "1.16.4",
      "resolved": "https://registry.npmjs.org/@qtxr/form/-/form-1.16.4.tgz",
      "integrity": "sha512-GtATQP2f4oNdJ8cwohXu7KbXxIJudsj+y5m85qnF2b5ytPmL9yFg/vNtKLSHIG9HzAudLI/U33mb5PCJbiFz4Q==",
      "requires": {
        "@qtxr/bc": "^1.4.3",
        "@qtxr/evt": "^1.1.1",
        "@qtxr/uc": "^1.7.0",
        "@qtxr/utils": "^1.43.0"
      }
    },
    "@qtxr/scss-utils": {
      "version": "1.2.2",
      "resolved": "https://registry.npmjs.org/@qtxr/scss-utils/-/scss-utils-1.2.2.tgz",
      "integrity": "sha512-UWVNWJTn+i0udACRCxLv6L8tfiaQFhIZKth7+uLfZWpB3BoI33IT2kGgMW4NRraNIPqIbv0xk0wo/jBP2DMGiQ=="
    },
    "@qtxr/uc": {
      "version": "1.7.0",
      "resolved": "https://registry.npmjs.org/@qtxr/uc/-/uc-1.7.0.tgz",
      "integrity": "sha512-Qx9j+hjLxg+T1oQ4AMCg7b8tKQUw1pMWYS3W7E+2u3nWvk93EifZ1H9PMfAuz6GXe/ZZUxC/fCQjrHoFnsy5nQ==",
      "requires": {
        "@qtxr/bc": "^1.4.3",
        "@qtxr/utils": "^1.40.1"
      }
    },
    "@qtxr/utils": {
      "version": "1.43.0",
      "resolved": "https://registry.npmjs.org/@qtxr/utils/-/utils-1.43.0.tgz",
      "integrity": "sha512-/mFxptZlCnEwwWp164u02L7VohfB4zvoMhG+bnBgztBdSramevAJdMxGza7ZxBBpVj9l/D+Gtjgg5QpLXm3+Qw=="
    }
  }
}
