{
  "name": "@qtxr/url",
  "version": "1.2.5",
  "lockfileVersion": 1,
  "requires": true,
  "dependencies": {
    "@qtxr/utils": {
      "version": "1.58.1",
      "resolved": "https://registry.npmjs.org/@qtxr/utils/-/utils-1.58.1.tgz",
      "integrity": "sha512-cYKMyxC7z6ssnI+tcKc0iW5XGS/S6Pgb9I+Cay+u4AqVHlm9tSf68z+8JiKJ1g5tfgJAUgLQUE//5e+vzUcm3w=="
    }
  }
}
