{
  "name": "@qtxr/data-cell",
  "version": "2.2.3",
  "lockfileVersion": 1,
  "requires": true,
  "dependencies": {
    "@qtxr/bc": {
      "version": "1.5.1",
      "resolved": "https://registry.npmjs.org/@qtxr/bc/-/bc-1.5.1.tgz",
      "integrity": "sha512-Dl12r8eezslNOtHyan4x14YFVcVITgB+y/DQvXip7AIIT0pB2NTMBGDYccHUYyzjqyGtsH8b4w7qe/fn5KbJug==",
      "requires": {
        "@qtxr/ds": "^1.4.3",
        "@qtxr/utils": "^1.58.1"
      }
    },
    "@qtxr/ds": {
      "version": "1.4.3",
      "resolved": "https://registry.npmjs.org/@qtxr/ds/-/ds-1.4.3.tgz",
      "integrity": "sha512-Ezeq+sZQ1kQszM/keIw8HK+S/mXEan2hrAsvjXrLfiZqav0AQazV0ujV2u2TNlOgLcmBX8iSip3fs5QYeYWY/A==",
      "requires": {
        "@qtxr/utils": "^1.54.0"
      }
    },
    "@qtxr/request": {
      "version": "3.8.6",
      "resolved": "https://registry.npmjs.org/@qtxr/request/-/request-3.8.6.tgz",
      "integrity": "sha512-2vptVdUIJHLmd6YH1WPUoJUpgL5QtaQPZlm2wMaYr69QhKFg6I1EztsuPztOyEEtV9O5sg3+k/nDCfM4kPp5Rg==",
      "requires": {
        "@qtxr/bc": "^1.5.1",
        "@qtxr/url": "^1.2.5",
        "@qtxr/utils": "^1.61.3"
      }
    },
    "@qtxr/url": {
      "version": "1.2.5",
      "resolved": "https://registry.npmjs.org/@qtxr/url/-/url-1.2.5.tgz",
      "integrity": "sha512-PxOdKzUFoejYqZlHt78lSO6OczrZ/Bbsa+K77/ebeUupeqoQeTl3tpdWSF2GaZ9sRN+J+hQoE0QRbDKsHIuKXQ==",
      "requires": {
        "@qtxr/utils": "^1.58.1"
      }
    },
    "@qtxr/utils": {
      "version": "1.63.0",
      "resolved": "https://registry.npmjs.org/@qtxr/utils/-/utils-1.63.0.tgz",
      "integrity": "sha512-TQA4MQeRPMJ6bkZuKt1lnKl4YSDYCFlhQmXtLVAV6Lw9FyoyehY/Va9Nf/Z1Bg+YW5rYVkxuvat03JvUwZE1IA=="
    }
  }
}
