{
  "name": "@qtxr/data-cell",
  "version": "2.2.2",
  "lockfileVersion": 1,
  "requires": true,
  "dependencies": {
    "@qtxr/bc": {
      "version": "1.5.1",
      "resolved": "https://registry.npmjs.org/@qtxr/bc/-/bc-1.5.1.tgz",
      "integrity": "sha512-Dl12r8eezslNOtHyan4x14YFVcVITgB+y/DQvXip7AIIT0pB2NTMBGDYccHUYyzjqyGtsH8b4w7qe/fn5KbJug==",
      "requires": {
        "@qtxr/ds": "^1.4.3",
        "@qtxr/utils": "^1.58.1"
      }
    },
    "@qtxr/ds": {
      "version": "1.4.3",
      "resolved": "https://registry.npmjs.org/@qtxr/ds/-/ds-1.4.3.tgz",
      "integrity": "sha512-Ezeq+sZQ1kQszM/keIw8HK+S/mXEan2hrAsvjXrLfiZqav0AQazV0ujV2u2TNlOgLcmBX8iSip3fs5QYeYWY/A==",
      "requires": {
        "@qtxr/utils": "^1.54.0"
      }
    },
    "@qtxr/request": {
      "version": "3.8.4",
      "resolved": "https://registry.npmjs.org/@qtxr/request/-/request-3.8.4.tgz",
      "integrity": "sha512-41hhfVwtPwbL2oyspCv/jvEY6fJRlzWqC0KfgEwxBd/edRfU5jzSUQsSnycuX67wjc+8U3tbxwTxtEkCQdfuTA==",
      "requires": {
        "@qtxr/bc": "^1.5.1",
        "@qtxr/url": "^1.2.5",
        "@qtxr/utils": "^1.58.1"
      }
    },
    "@qtxr/url": {
      "version": "1.2.5",
      "resolved": "https://registry.npmjs.org/@qtxr/url/-/url-1.2.5.tgz",
      "integrity": "sha512-PxOdKzUFoejYqZlHt78lSO6OczrZ/Bbsa+K77/ebeUupeqoQeTl3tpdWSF2GaZ9sRN+J+hQoE0QRbDKsHIuKXQ==",
      "requires": {
        "@qtxr/utils": "^1.58.1"
      }
    },
    "@qtxr/utils": {
      "version": "1.59.0",
      "resolved": "https://registry.npmjs.org/@qtxr/utils/-/utils-1.59.0.tgz",
      "integrity": "sha512-9HzR64cyzQ8WOzmvyql40272RSAM6R3xgj+FhtThH6y7P3qKJ1VklZBSfqSFNlgt6MkcZoV8ZZpjAxtFZMv+pg=="
    }
  }
}
