{
  "name": "@qtxr/evt",
  "version": "1.2.2",
  "lockfileVersion": 1,
  "requires": true,
  "dependencies": {
    "@qtxr/utils": {
      "version": "1.51.0",
      "resolved": "https://registry.npmjs.org/@qtxr/utils/-/utils-1.51.0.tgz",
      "integrity": "sha512-zBza8u8J/NsrPNKiX5SuGYY2cHLI5qsg8PTKFwmAnkXe4F3xgb4F/kQU+0NpvbYFyOdXLYqs8uSsdwqku0Fx2A=="
    }
  }
}
