{
  "name": "@qtxr/evt",
  "version": "1.2.3",
  "lockfileVersion": 1,
  "requires": true,
  "dependencies": {
    "@qtxr/utils": {
      "version": "1.51.1",
      "resolved": "https://registry.npmjs.org/@qtxr/utils/-/utils-1.51.1.tgz",
      "integrity": "sha512-3M0+14OzBmv+AhGoZCXLDTlbVIKv35cCCS27xGFZlGMhisJ7yg11eiIf5ergYx6D6PJ/udTHicg1jF+FEeni2g=="
    }
  }
}
