{
  "name": "@qtxr/viz",
  "version": "1.0.13",
  "lockfileVersion": 1,
  "requires": true,
  "dependencies": {
    "@qtxr/anim": {
      "version": "2.0.4",
      "resolved": "https://registry.npmjs.org/@qtxr/anim/-/anim-2.0.4.tgz",
      "integrity": "sha512-RkY8DM7ndo3yQxmJ2kzBBv31KyIx9/FzddBEbJt3Ps2eqJkCLnUIRLiaxYi+nfhptFgL795AmnjhR5fjmQPANw==",
      "requires": {
        "@qtxr/utils": "^1.58.1"
      }
    },
    "@qtxr/bc": {
      "version": "1.4.3",
      "resolved": "https://registry.npmjs.org/@qtxr/bc/-/bc-1.4.3.tgz",
      "integrity": "sha512-XuJZgyP9oDVtHmn5IX78DeSn5vVOmwmRXsZ8gxyWeJNuvJs97JOJA+EBJj3ZudeqBofvwcr4a56ZMX+W/p+mNQ==",
      "requires": {
        "@qtxr/ds": "^1.0.1",
        "@qtxr/utils": "^1.36.1"
      }
    },
    "@qtxr/ds": {
      "version": "1.2.2",
      "resolved": "https://registry.npmjs.org/@qtxr/ds/-/ds-1.2.2.tgz",
      "integrity": "sha512-jzQCfPuBiIdwrTcp6uZndDSl0II/xWT2mDdVfQ7qkQPgobZN+UvtdNanRoxHIj1TQlkTszjUBdmKLydWng4ZFA==",
      "requires": {
        "@qtxr/utils": "^1.49.0"
      }
    },
    "@qtxr/evt": {
      "version": "1.2.4",
      "resolved": "https://registry.npmjs.org/@qtxr/evt/-/evt-1.2.4.tgz",
      "integrity": "sha512-U9AykyVgJ6ZFG1RM8cSqOnW8d4pxu2e3C8CBsmTkc1+Mrtz9EdkbpwJ0JY9A/uFpg2MMQvRduL4qa0nsDd1EfQ==",
      "requires": {
        "@qtxr/utils": "^1.58.1"
      }
    },
    "@qtxr/i18n": {
      "version": "2.3.11",
      "resolved": "https://registry.npmjs.org/@qtxr/i18n/-/i18n-2.3.11.tgz",
      "integrity": "sha512-Vxi5FykpsaDilgbRYZO3krjs6kE4hhe6yniXr+lPQh8mg990c7qy7qRghi4i28uTSuoeaiN2kkqvbWL46e1oFQ==",
      "requires": {
        "@qtxr/bc": "^1.4.3",
        "@qtxr/request": "^3.8.1",
        "@qtxr/utils": "^1.40.1"
      }
    },
    "@qtxr/request": {
      "version": "3.8.3",
      "resolved": "https://registry.npmjs.org/@qtxr/request/-/request-3.8.3.tgz",
      "integrity": "sha512-QanLMowcLuhCLtVsAAlsdwvJirbhsIh1Av33E/6o9KMrL/VD4v5C04ZsK+h6Cd+kepSu9ZvdjS4ecVDKe3K2PQ==",
      "requires": {
        "@qtxr/bc": "^1.4.3",
        "@qtxr/url": "^1.2.2",
        "@qtxr/utils": "^1.40.2"
      }
    },
    "@qtxr/uc": {
      "version": "1.7.2",
      "resolved": "https://registry.npmjs.org/@qtxr/uc/-/uc-1.7.2.tgz",
      "integrity": "sha512-5cA5fGF383F04YamsgTfw35mNEZ7WrjX+rcz0wxBKI+1NZHKvhCDSJ3arQV8KNOw8jgyd2vmlJDITzC7vfrVUA==",
      "requires": {
        "@qtxr/bc": "^1.5.1",
        "@qtxr/utils": "^1.58.2"
      },
      "dependencies": {
        "@qtxr/bc": {
          "version": "1.5.1",
          "resolved": "https://registry.npmjs.org/@qtxr/bc/-/bc-1.5.1.tgz",
          "integrity": "sha512-Dl12r8eezslNOtHyan4x14YFVcVITgB+y/DQvXip7AIIT0pB2NTMBGDYccHUYyzjqyGtsH8b4w7qe/fn5KbJug==",
          "requires": {
            "@qtxr/ds": "^1.4.3",
            "@qtxr/utils": "^1.58.1"
          }
        },
        "@qtxr/ds": {
          "version": "1.4.3",
          "resolved": "https://registry.npmjs.org/@qtxr/ds/-/ds-1.4.3.tgz",
          "integrity": "sha512-Ezeq+sZQ1kQszM/keIw8HK+S/mXEan2hrAsvjXrLfiZqav0AQazV0ujV2u2TNlOgLcmBX8iSip3fs5QYeYWY/A==",
          "requires": {
            "@qtxr/utils": "^1.54.0"
          }
        }
      }
    },
    "@qtxr/url": {
      "version": "1.2.4",
      "resolved": "https://registry.npmjs.org/@qtxr/url/-/url-1.2.4.tgz",
      "integrity": "sha512-RhAVeAHDcY/G5uj46jQyEMCLnpFhbsPDu2fAxOVr3IDPMojhBdprXHb8rAqN3JdCeM0Au/Sio7Fj3MOn8GIxZA==",
      "requires": {
        "@qtxr/utils": "^1.49.0"
      }
    },
    "@qtxr/utils": {
      "version": "1.60.0",
      "resolved": "https://registry.npmjs.org/@qtxr/utils/-/utils-1.60.0.tgz",
      "integrity": "sha512-4WpOVzdETTw6Sba3MMQzfmJzs6iKP7Z8OrrN8rWTdOzZXzKxdenX0zehcDDRzUFBca/k9JfBWNGx/Bbem1ReBQ=="
    }
  }
}
