{
  "name": "@qtxr/viz",
  "version": "1.0.16",
  "lockfileVersion": 1,
  "requires": true,
  "dependencies": {
    "@qtxr/anim": {
      "version": "2.0.5",
      "resolved": "https://registry.npmjs.org/@qtxr/anim/-/anim-2.0.5.tgz",
      "integrity": "sha512-E5AX7itsJ3JJYbwoxRx6R52GgL50qA1Cv5qHTau41y+j9np7W1Q/umbTZ3XdlQnhWYeQVE3HkxawXoHn6QePdg==",
      "requires": {
        "@qtxr/utils": "^1.68.1"
      }
    },
    "@qtxr/bc": {
      "version": "1.5.2",
      "resolved": "https://registry.npmjs.org/@qtxr/bc/-/bc-1.5.2.tgz",
      "integrity": "sha512-93vlKUjbZoo6G4ga8bvReJuqARrlp9taT/509pc0jgi5hp+kSqYMyG6hKYszUGl+A8qxHvhnTOWDdE5zxCpw9A==",
      "requires": {
        "@qtxr/ds": "^1.4.6",
        "@qtxr/utils": "^1.68.1"
      }
    },
    "@qtxr/ds": {
      "version": "1.4.6",
      "resolved": "https://registry.npmjs.org/@qtxr/ds/-/ds-1.4.6.tgz",
      "integrity": "sha512-AzD95wVoqYHFVA5RMIwJCrDSFJa5uA/9Od76s/EKemHCOm9Ig3uQTQEakFaSHpRL8NVj3eP8uaRcFwms3s0o6A==",
      "requires": {
        "@qtxr/utils": "^1.68.1"
      }
    },
    "@qtxr/evt": {
      "version": "1.2.5",
      "resolved": "https://registry.npmjs.org/@qtxr/evt/-/evt-1.2.5.tgz",
      "integrity": "sha512-D8JGhK+BZA16xUWHPrXpY72/JApmW0hgzKgfP449nG9IsczFFdoaYADdmsDIU/Z9TeKJZ56GYed9B5yiDKJ8fw==",
      "requires": {
        "@qtxr/utils": "^1.68.1"
      }
    },
    "@qtxr/i18n": {
      "version": "3.5.3",
      "resolved": "https://registry.npmjs.org/@qtxr/i18n/-/i18n-3.5.3.tgz",
      "integrity": "sha512-JvgwkMDU9oJNMlmg4UR1BFpTGnbPFE6oYTxPYaQu1OutqQ3WDeDmy0Q0iQB2CZAcUAiJBK0JjJmldQRqC2xGDA==",
      "requires": {
        "@qtxr/bc": "^1.5.2",
        "@qtxr/ds": "^1.4.6",
        "@qtxr/request": "^3.8.7",
        "@qtxr/url": "^1.2.6",
        "@qtxr/utils": "^1.68.1"
      }
    },
    "@qtxr/request": {
      "version": "3.8.7",
      "resolved": "https://registry.npmjs.org/@qtxr/request/-/request-3.8.7.tgz",
      "integrity": "sha512-aFIAQblnsRo+jujZi+EuPte2rX/hwz+jL6eN4zDX79RjIs4U6QTVXom9bpyA89RTOG+Sx3/ea4AAAksRsNMiuA==",
      "requires": {
        "@qtxr/bc": "^1.5.2",
        "@qtxr/url": "^1.2.6",
        "@qtxr/utils": "^1.68.1"
      }
    },
    "@qtxr/uc": {
      "version": "1.7.3",
      "resolved": "https://registry.npmjs.org/@qtxr/uc/-/uc-1.7.3.tgz",
      "integrity": "sha512-JpsLT6ZjR9D0ENX8ImG5nNzLo/qCatpOBcNF7Yc20ilMMWmyVkco2j5nceObA9IZKo7+DVNxO8eLSXOVERX6lw==",
      "requires": {
        "@qtxr/bc": "^1.5.2",
        "@qtxr/utils": "^1.68.1"
      }
    },
    "@qtxr/url": {
      "version": "1.2.6",
      "resolved": "https://registry.npmjs.org/@qtxr/url/-/url-1.2.6.tgz",
      "integrity": "sha512-AoBGKN12E91CN1HIhaNdLzAKxBw7Ds03u6ISf+kW4ID94Hj02G+CRt+xqm25eMC/iWFYPrE1dg7cAPKyWNY2HA==",
      "requires": {
        "@qtxr/utils": "^1.68.1"
      }
    },
    "@qtxr/utils": {
      "version": "1.68.1",
      "resolved": "https://registry.npmjs.org/@qtxr/utils/-/utils-1.68.1.tgz",
      "integrity": "sha512-OLEHQL7cEXizI/E79xJk8KT/0uzkmJpVJ29sg6Ku3fL3hXuMsTO8AAHbKXsALpB5Y6NujeQ+B2IcOmhXP4sx+g=="
    }
  }
}
