{
  "name": "@qtxr/viz",
  "version": "1.0.4",
  "lockfileVersion": 1,
  "requires": true,
  "dependencies": {
    "@qtxr/anim": {
      "version": "2.0.0",
      "resolved": "https://registry.npmjs.org/@qtxr/anim/-/anim-2.0.0.tgz",
      "integrity": "sha512-PY4xCg1KwqpPI5xYRObhrrenB7/CRtSapVAzkMxOSFsS+qx0GQlqg6b+Gn/hb+Elkc0M/mqh9koi2zqfzyecUQ==",
      "requires": {
        "@qtxr/utils": "^1.19.0"
      },
      "dependencies": {
        "@qtxr/utils": {
          "version": "1.19.0",
          "resolved": "https://registry.npmjs.org/@qtxr/utils/-/utils-1.19.0.tgz",
          "integrity": "sha512-rPkgGClM3xj2g2I/GtcE+y8yXjQFRk52VsgfigMH/q/xE4B9avp5yKRm8kymoz55CdN8LJRLUvE9DOqdYUxqpA=="
        }
      }
    },
    "@qtxr/bc": {
      "version": "1.2.3",
      "resolved": "https://registry.npmjs.org/@qtxr/bc/-/bc-1.2.3.tgz",
      "integrity": "sha512-fVqSeHOkwYDshFiPRU0xmJcsPWmhLigV33ZBjEEK086UaE0AJNAplhNmZ9SYJAepiQ/dpeOMG9mnN640f1i4kA==",
      "requires": {
        "@qtxr/utils": "^1.9.0"
      }
    },
    "@qtxr/evt": {
      "version": "1.1.0",
      "resolved": "https://registry.npmjs.org/@qtxr/evt/-/evt-1.1.0.tgz",
      "integrity": "sha512-YZA5p7+R0P0vTiOn9EA/57yTczzdPIkQ+2dLvnzItFepZeaWLP41elJ3+ar5yrFY6Z5LthNskZ466n5/yqsgog==",
      "requires": {
        "@qtxr/utils": "^1.18.3"
      }
    },
    "@qtxr/i18n": {
      "version": "2.3.3",
      "resolved": "https://registry.npmjs.org/@qtxr/i18n/-/i18n-2.3.3.tgz",
      "integrity": "sha512-n5X4v+wm0yabKS3F5Bvk3xKVH4JlxasIbNTsfmcKpPKljT4SzVI/bY8jV4quwX49jxVmC/m42y1MjrRTnOUhgw==",
      "requires": {
        "@qtxr/bc": "^1.2.3",
        "@qtxr/request": "^3.0.1",
        "@qtxr/utils": "^1.21.0"
      }
    },
    "@qtxr/request": {
      "version": "3.0.1",
      "resolved": "https://registry.npmjs.org/@qtxr/request/-/request-3.0.1.tgz",
      "integrity": "sha512-l+rvNWfq9O8i5Fkq+aHowGHVO8uYsKIHKX/10H0JnA+1096VtVlpjjfKbfPFJmeGo8naxOQ2Lj39KRAMpQF9zg==",
      "requires": {
        "@qtxr/bc": "^1.2.1",
        "@qtxr/url": "^1.0.3",
        "@qtxr/utils": "^1.8.0"
      }
    },
    "@qtxr/uc": {
      "version": "1.5.1",
      "resolved": "https://registry.npmjs.org/@qtxr/uc/-/uc-1.5.1.tgz",
      "integrity": "sha512-/cS4GB95IM0e5xKuzadnlfUkNh/KnZk74Wbczs8iwNooA9a4F6lpznf/3WsP+LQgT/KpAj4HZFd7hA43h74sZA==",
      "requires": {
        "@qtxr/bc": "^1.2.3",
        "@qtxr/utils": "^1.21.1"
      }
    },
    "@qtxr/url": {
      "version": "1.0.4",
      "resolved": "https://registry.npmjs.org/@qtxr/url/-/url-1.0.4.tgz",
      "integrity": "sha512-KaT80JFJivIERd8qaQm6VpDcZudEEhWK4lp+XVwu1jfHSG7r3QzmsH6PTCHynZRm9dvCTjT7zUk2dNu+MTw/Sw=="
    },
    "@qtxr/utils": {
      "version": "1.21.1",
      "resolved": "https://registry.npmjs.org/@qtxr/utils/-/utils-1.21.1.tgz",
      "integrity": "sha512-g9kFGJgJKS5Pu0HqZhsLuiMhgoe/TtRp8SnibKNsUUay7iW2RsN28tDJgsYit+T+GVfmCbOGZnIMyu3HdG3vLQ=="
    }
  }
}
