{
  "name": "@qtxr/interpolate",
  "version": "1.0.3",
  "lockfileVersion": 1,
  "requires": true,
  "dependencies": {
    "@qtxr/anim": {
      "version": "2.0.3",
      "resolved": "https://registry.npmjs.org/@qtxr/anim/-/anim-2.0.3.tgz",
      "integrity": "sha512-q+lkqbiecuk0C0phZU86BGLrMn/sFCjMPXNWvPAAuqRchwMAb+ovuH+ejgx8H1/v+U5e7gnOvuMTPFRPMyZ7EQ==",
      "requires": {
        "@qtxr/utils": "^1.21.4"
      }
    },
    "@qtxr/color": {
      "version": "1.1.0",
      "resolved": "https://registry.npmjs.org/@qtxr/color/-/color-1.1.0.tgz",
      "integrity": "sha512-bGVvJHp9NOWkBR5vvNWkFoVO52k1lUbB4i/gE5Q3g/+MTFwh+0oo8GI3aaviaEIh//4uZ4OIODmBu32uliN5Eg=="
    },
    "@qtxr/utils": {
      "version": "1.40.2",
      "resolved": "https://registry.npmjs.org/@qtxr/utils/-/utils-1.40.2.tgz",
      "integrity": "sha512-ohNKM8IoEg/QlwvfbAFZylY6tS9PqabOulbV+cXIel4oP3+fYRjarI53smUY4dvRgjz5LKknMlswhvj3FsW7GA=="
    }
  }
}
