{
  "name": "@qtxr/interpolate",
  "version": "1.0.4",
  "lockfileVersion": 1,
  "requires": true,
  "dependencies": {
    "@qtxr/anim": {
      "version": "2.0.3",
      "resolved": "https://registry.npmjs.org/@qtxr/anim/-/anim-2.0.3.tgz",
      "integrity": "sha512-q+lkqbiecuk0C0phZU86BGLrMn/sFCjMPXNWvPAAuqRchwMAb+ovuH+ejgx8H1/v+U5e7gnOvuMTPFRPMyZ7EQ==",
      "requires": {
        "@qtxr/utils": "^1.21.4"
      }
    },
    "@qtxr/color": {
      "version": "1.1.1",
      "resolved": "https://registry.npmjs.org/@qtxr/color/-/color-1.1.1.tgz",
      "integrity": "sha512-DWgsjzBc4jKekEIjlfoYPPGWAzLZdReVUW03pb/FsEjcav271IUqT6EcFa7kqFWfFSiQX3veDniXGM0BlloutA=="
    },
    "@qtxr/utils": {
      "version": "1.49.0",
      "resolved": "https://registry.npmjs.org/@qtxr/utils/-/utils-1.49.0.tgz",
      "integrity": "sha512-RXReoqaIesYOnXQpm6JCcsqlrJualsxbhewLGa+jsxdYKGlukJb83EVvIaKVNjC7XzvGVaj10vsuhVx3gAEtaw=="
    }
  }
}
