{
  "name": "@qtxr/interpolate",
  "version": "1.0.5",
  "lockfileVersion": 1,
  "requires": true,
  "dependencies": {
    "@qtxr/anim": {
      "version": "2.0.4",
      "resolved": "https://registry.npmjs.org/@qtxr/anim/-/anim-2.0.4.tgz",
      "integrity": "sha512-RkY8DM7ndo3yQxmJ2kzBBv31KyIx9/FzddBEbJt3Ps2eqJkCLnUIRLiaxYi+nfhptFgL795AmnjhR5fjmQPANw==",
      "requires": {
        "@qtxr/utils": "^1.58.1"
      }
    },
    "@qtxr/color": {
      "version": "1.2.1",
      "resolved": "https://registry.npmjs.org/@qtxr/color/-/color-1.2.1.tgz",
      "integrity": "sha512-zohv3osuJQpb+8kZ7hzCfzkSdmKbF1WQLGf92OparZUcnWkpQo82vWbJmMBC3o+2RvI9gr2gRTow1kdlK5oODA=="
    },
    "@qtxr/utils": {
      "version": "1.58.1",
      "resolved": "https://registry.npmjs.org/@qtxr/utils/-/utils-1.58.1.tgz",
      "integrity": "sha512-cYKMyxC7z6ssnI+tcKc0iW5XGS/S6Pgb9I+Cay+u4AqVHlm9tSf68z+8JiKJ1g5tfgJAUgLQUE//5e+vzUcm3w=="
    }
  }
}
