{
  "name": "@qtxr/bc",
  "version": "1.8.0",
  "lockfileVersion": 1,
  "requires": true,
  "dependencies": {
    "@qtxr/ds": {
      "version": "1.4.9",
      "resolved": "https://registry.npmjs.org/@qtxr/ds/-/ds-1.4.9.tgz",
      "integrity": "sha512-VgI/dESLR3k0LhDAtwttx3Qf5xMGn2hhDDMhf4hCSfoRnaqnEAhMGbooEZrMm6f4J3yUW2bGFaLaZaYXilnGjw==",
      "requires": {
        "@qtxr/utils": "^1.75.0"
      }
    },
    "@qtxr/utils": {
      "version": "1.75.1",
      "resolved": "https://registry.npmjs.org/@qtxr/utils/-/utils-1.75.1.tgz",
      "integrity": "sha512-R1y7/xmIxpFK3L4gKO9HhV6rSDt/0LnGRZ05ahQNO3QYw/rCAh2pEzhujmuDGNtt/E4XG+RXptC/Gs69T1U4QQ=="
    }
  }
}
