{
  "name": "@qtxr/bc",
  "version": "1.2.6",
  "lockfileVersion": 1,
  "requires": true,
  "dependencies": {
    "@qtxr/utils": {
      "version": "1.26.1",
      "resolved": "https://registry.npmjs.org/@qtxr/utils/-/utils-1.26.1.tgz",
      "integrity": "sha512-3eU+TI2bmmH12ehZSsuGbzGpq/xw/3t4cAi3uC3GmZ0EjYRu6PtKBAVDG0JHO839/oiSRScAf/KH0Tsmz6q9Jw=="
    }
  }
}
