{
  "name": "@qtxr/bc",
  "version": "1.2.4",
  "lockfileVersion": 1,
  "requires": true,
  "dependencies": {
    "@qtxr/utils": {
      "version": "1.21.3",
      "resolved": "https://registry.npmjs.org/@qtxr/utils/-/utils-1.21.3.tgz",
      "integrity": "sha512-zJG8WxQZcnBl7D0DhWYE9U83ajq8oSE7rHnGNhmaIUTUO7RU2Jc4sWbLRfKYEMqeBM2IhCU90p3vwclv1oha+g=="
    }
  }
}
