{
  "name": "@qtxr/vue-wrap-component",
  "version": "1.0.4",
  "lockfileVersion": 1,
  "requires": true,
  "dependencies": {
    "@qtxr/anim": {
      "version": "1.0.0",
      "resolved": "https://registry.npmjs.org/@qtxr/anim/-/anim-1.0.0.tgz",
      "integrity": "sha512-SZJdGbwvQGgpOiv79weZHOBCt5U+vVb7oYfriB6IRJB4u8whO8nn+hoec9A/QOlTESnOuplK4pGdKnOvYJf7ew==",
      "requires": {
        "@qtxr/utils": "^1.3.0"
      }
    },
    "@qtxr/bc": {
      "version": "1.2.1",
      "resolved": "https://registry.npmjs.org/@qtxr/bc/-/bc-1.2.1.tgz",
      "integrity": "sha512-9EwSgdtFB3K1dODP7LePNLVfvVGlL0+7N6/1QvIxQZBoYBItU/XX0PmyvA0kXcKQUUQVtkhSbqVunFA2c1gjKQ==",
      "requires": {
        "@qtxr/utils": "^1.2.1"
      }
    },
    "@qtxr/color": {
      "version": "1.0.0",
      "resolved": "https://registry.npmjs.org/@qtxr/color/-/color-1.0.0.tgz",
      "integrity": "sha512-ZVmB+Lt1jxM9lmb5p24iD+dxoBQk4an8MYAWsx/QpocQ5olerTjHeg9GBnrXs3zNMOq3CsZ0TkKsZ3M4VXFmEA=="
    },
    "@qtxr/interpolate": {
      "version": "1.0.0",
      "resolved": "https://registry.npmjs.org/@qtxr/interpolate/-/interpolate-1.0.0.tgz",
      "integrity": "sha512-hdSI00UFSNoHK0+3KYbWS5Eg5Gw5adHBPXQt63dJWaGbfMSDjwXJu7WM+xOxitgxdMKPjC28ZsrB5MrAS301Jw==",
      "requires": {
        "@qtxr/anim": "^1.0.0",
        "@qtxr/color": "^1.0.0",
        "@qtxr/utils": "^1.3.0"
      }
    },
    "@qtxr/request": {
      "version": "1.0.5",
      "resolved": "https://registry.npmjs.org/@qtxr/request/-/request-1.0.5.tgz",
      "integrity": "sha512-GgT+SUg6BkXpi6KlM7m/vaTgY0m6R9esYVkqljolJ2eobM5rsEgZDfYRP8L4KoXx8pitHWxnbp7Xpzq6tzZcnA==",
      "requires": {
        "@qtxr/bc": "^1.2.1",
        "@qtxr/url": "^1.0.3",
        "@qtxr/utils": "^1.2.1"
      }
    },
    "@qtxr/scroll-stops": {
      "version": "1.0.0",
      "resolved": "https://registry.npmjs.org/@qtxr/scroll-stops/-/scroll-stops-1.0.0.tgz",
      "integrity": "sha512-NbJQeJcBP6fPEX8hZZJlfGshTy0S4swAPamxv4EnZhTldQkkivOebo4kqcwjnk3iVWRK1Zl74teJGGudcDyCwQ==",
      "requires": {
        "@qtxr/bc": "^1.2.1",
        "@qtxr/interpolate": "^1.0.0",
        "@qtxr/utils": "^1.4.0"
      }
    },
    "@qtxr/url": {
      "version": "1.0.3",
      "resolved": "https://registry.npmjs.org/@qtxr/url/-/url-1.0.3.tgz",
      "integrity": "sha512-6RHp24JXlDqVhYFqcIoWmfA1peHfvqM2BpBuQSMUXY+MyroHBm0CGZdjDdwMzY0iyz3azl5dRl/Eac9uqeVn8w=="
    },
    "@qtxr/utils": {
      "version": "1.4.0",
      "resolved": "https://registry.npmjs.org/@qtxr/utils/-/utils-1.4.0.tgz",
      "integrity": "sha512-cle3TYVM6ifINvl9Da2hcSb+Cv3+W4txfZQ7c3pBWnKrSdfuWIkFuK52+6wI1qNK6hNQUc4q9nQeW34R7bPXhQ=="
    }
  }
}
