{
  "name": "@qtxr/vue-wrap-component",
  "version": "2.4.0",
  "lockfileVersion": 1,
  "requires": true,
  "dependencies": {
    "@qtxr/utils": {
      "version": "1.35.1",
      "resolved": "https://registry.npmjs.org/@qtxr/utils/-/utils-1.35.1.tgz",
      "integrity": "sha512-nA8Z2Q9nbw4/eR8xgqi4A55wdo4Aozg3e3XopiK0bUNn1pd7+y5lwlei4QFp0VUcxvsiGCEU829ZucSz44shqg=="
    }
  }
}
