{
  "name": "@qtxr/vue-wrap-component",
  "version": "2.5.0",
  "lockfileVersion": 1,
  "requires": true,
  "dependencies": {
    "@qtxr/ds": {
      "version": "1.2.0",
      "resolved": "https://registry.npmjs.org/@qtxr/ds/-/ds-1.2.0.tgz",
      "integrity": "sha512-39d/07Qz8Frl0s2+nqOrHl+ySSRWODaLEKl2rPFM/Yu7PLsDQyHsceNSSt033JUmfkhf5WMTMXd/njQzZDtudg==",
      "requires": {
        "@qtxr/utils": "^1.40.2"
      }
    },
    "@qtxr/utils": {
      "version": "1.40.2",
      "resolved": "https://registry.npmjs.org/@qtxr/utils/-/utils-1.40.2.tgz",
      "integrity": "sha512-ohNKM8IoEg/QlwvfbAFZylY6tS9PqabOulbV+cXIel4oP3+fYRjarI53smUY4dvRgjz5LKknMlswhvj3FsW7GA=="
    }
  }
}
