{
  "name": "@qtxr/form",
  "version": "2.8.2",
  "lockfileVersion": 1,
  "requires": true,
  "dependencies": {
    "@qtxr/bc": {
      "version": "1.5.2",
      "resolved": "https://registry.npmjs.org/@qtxr/bc/-/bc-1.5.2.tgz",
      "integrity": "sha512-93vlKUjbZoo6G4ga8bvReJuqARrlp9taT/509pc0jgi5hp+kSqYMyG6hKYszUGl+A8qxHvhnTOWDdE5zxCpw9A==",
      "requires": {
        "@qtxr/ds": "^1.4.6",
        "@qtxr/utils": "^1.68.1"
      }
    },
    "@qtxr/ds": {
      "version": "1.4.6",
      "resolved": "https://registry.npmjs.org/@qtxr/ds/-/ds-1.4.6.tgz",
      "integrity": "sha512-AzD95wVoqYHFVA5RMIwJCrDSFJa5uA/9Od76s/EKemHCOm9Ig3uQTQEakFaSHpRL8NVj3eP8uaRcFwms3s0o6A==",
      "requires": {
        "@qtxr/utils": "^1.68.1"
      }
    },
    "@qtxr/evt": {
      "version": "1.2.5",
      "resolved": "https://registry.npmjs.org/@qtxr/evt/-/evt-1.2.5.tgz",
      "integrity": "sha512-D8JGhK+BZA16xUWHPrXpY72/JApmW0hgzKgfP449nG9IsczFFdoaYADdmsDIU/Z9TeKJZ56GYed9B5yiDKJ8fw==",
      "requires": {
        "@qtxr/utils": "^1.68.1"
      }
    },
    "@qtxr/uc": {
      "version": "1.7.3",
      "resolved": "https://registry.npmjs.org/@qtxr/uc/-/uc-1.7.3.tgz",
      "integrity": "sha512-JpsLT6ZjR9D0ENX8ImG5nNzLo/qCatpOBcNF7Yc20ilMMWmyVkco2j5nceObA9IZKo7+DVNxO8eLSXOVERX6lw==",
      "requires": {
        "@qtxr/bc": "^1.5.2",
        "@qtxr/utils": "^1.68.1"
      }
    },
    "@qtxr/utils": {
      "version": "1.68.1",
      "resolved": "https://registry.npmjs.org/@qtxr/utils/-/utils-1.68.1.tgz",
      "integrity": "sha512-OLEHQL7cEXizI/E79xJk8KT/0uzkmJpVJ29sg6Ku3fL3hXuMsTO8AAHbKXsALpB5Y6NujeQ+B2IcOmhXP4sx+g=="
    }
  }
}
