{
  "name": "@qtxr/form",
  "version": "2.5.0",
  "lockfileVersion": 1,
  "requires": true,
  "dependencies": {
    "@qtxr/bc": {
      "version": "1.5.0",
      "resolved": "https://registry.npmjs.org/@qtxr/bc/-/bc-1.5.0.tgz",
      "integrity": "sha512-AjL0VFp5RerWWvd3/De4DD/BoI1kMPX+zVPYf2MQQF7RMjb88Vhf+S2i9vAKGWZZ6Ptw19AFCnZ0v5m7i+neQg==",
      "requires": {
        "@qtxr/ds": "^1.2.2",
        "@qtxr/utils": "^1.50.2"
      }
    },
    "@qtxr/ds": {
      "version": "1.4.2",
      "resolved": "https://registry.npmjs.org/@qtxr/ds/-/ds-1.4.2.tgz",
      "integrity": "sha512-rYpgzd1nzMmnhBYVZS8H91Mj9mC5BLCo6jOS5gnk+kkWQNvCFtA3BkmdSkvHVAlKyesqx6/o/QTgZ04ioX71rg==",
      "requires": {
        "@qtxr/utils": "^1.54.0"
      }
    },
    "@qtxr/evt": {
      "version": "1.2.3",
      "resolved": "https://registry.npmjs.org/@qtxr/evt/-/evt-1.2.3.tgz",
      "integrity": "sha512-JBwGvbNmqKXZURJupDjGZ7eWjhhQTfUcL8dGz+CPHXtO+dHPpoJ8bMx+Vn4wGq+W8NPJyAyniJdG0qrD0gEFqg==",
      "requires": {
        "@qtxr/utils": "^1.51.1"
      }
    },
    "@qtxr/uc": {
      "version": "1.7.0",
      "resolved": "https://registry.npmjs.org/@qtxr/uc/-/uc-1.7.0.tgz",
      "integrity": "sha512-Qx9j+hjLxg+T1oQ4AMCg7b8tKQUw1pMWYS3W7E+2u3nWvk93EifZ1H9PMfAuz6GXe/ZZUxC/fCQjrHoFnsy5nQ==",
      "requires": {
        "@qtxr/bc": "^1.4.3",
        "@qtxr/utils": "^1.40.1"
      }
    },
    "@qtxr/utils": {
      "version": "1.55.0",
      "resolved": "https://registry.npmjs.org/@qtxr/utils/-/utils-1.55.0.tgz",
      "integrity": "sha512-h8KU/VEcP3wSZn/6tYMoOSPLDBWQY3DG3ZSX/vLSlhCkg/85/6x+8dM2x9BAvGbeRG5yyadUNZx3mKSru0XuWg=="
    }
  }
}
