{
  "name": "@qtxr/form",
  "version": "2.8.5",
  "lockfileVersion": 1,
  "requires": true,
  "dependencies": {
    "@qtxr/bc": {
      "version": "1.8.0",
      "resolved": "https://registry.npmjs.org/@qtxr/bc/-/bc-1.8.0.tgz",
      "integrity": "sha512-CqU3WlAfwGMnOLEhBXP6ESZFsAWbQK9dkFGzNLR8QziQGop6fwflhqqrJ//DIMZa7T81ebUPErBxwI4/78fR9Q==",
      "requires": {
        "@qtxr/ds": "^1.4.9",
        "@qtxr/utils": "^1.75.1"
      }
    },
    "@qtxr/ds": {
      "version": "1.4.9",
      "resolved": "https://registry.npmjs.org/@qtxr/ds/-/ds-1.4.9.tgz",
      "integrity": "sha512-VgI/dESLR3k0LhDAtwttx3Qf5xMGn2hhDDMhf4hCSfoRnaqnEAhMGbooEZrMm6f4J3yUW2bGFaLaZaYXilnGjw==",
      "requires": {
        "@qtxr/utils": "^1.75.0"
      }
    },
    "@qtxr/evt": {
      "version": "1.2.6",
      "resolved": "https://registry.npmjs.org/@qtxr/evt/-/evt-1.2.6.tgz",
      "integrity": "sha512-t92nA1LIEK4JKf+f6MdXS2KBgE5843C4wJqeWz7501QWaHL/RvISZ5QSpC3NX6gDdFJtsRWrwqI9ZkMCmDYI6Q==",
      "requires": {
        "@qtxr/utils": "^1.69.0"
      }
    },
    "@qtxr/uc": {
      "version": "1.7.5",
      "resolved": "https://registry.npmjs.org/@qtxr/uc/-/uc-1.7.5.tgz",
      "integrity": "sha512-6ghaTMF6EolTrtPM9HxedfymdSJy7mjgbjCmtWrHWbyXdRHazJHzRDV4/rGgWWPuHhZitRofnEov/B+5vnDp8Q==",
      "requires": {
        "@qtxr/bc": "^1.6.0",
        "@qtxr/utils": "^1.75.0"
      }
    },
    "@qtxr/utils": {
      "version": "1.75.1",
      "resolved": "https://registry.npmjs.org/@qtxr/utils/-/utils-1.75.1.tgz",
      "integrity": "sha512-R1y7/xmIxpFK3L4gKO9HhV6rSDt/0LnGRZ05ahQNO3QYw/rCAh2pEzhujmuDGNtt/E4XG+RXptC/Gs69T1U4QQ=="
    }
  }
}
