{
  "name": "@qtxr/vue-admin",
  "version": "1.9.4",
  "lockfileVersion": 1,
  "requires": true,
  "dependencies": {
    "@qtxr/anim": {
      "version": "2.0.3",
      "resolved": "https://registry.npmjs.org/@qtxr/anim/-/anim-2.0.3.tgz",
      "integrity": "sha512-q+lkqbiecuk0C0phZU86BGLrMn/sFCjMPXNWvPAAuqRchwMAb+ovuH+ejgx8H1/v+U5e7gnOvuMTPFRPMyZ7EQ==",
      "requires": {
        "@qtxr/utils": "^1.21.4"
      }
    },
    "@qtxr/bc": {
      "version": "1.3.1",
      "resolved": "https://registry.npmjs.org/@qtxr/bc/-/bc-1.3.1.tgz",
      "integrity": "sha512-vdZ9GsPasfggBLERZ8zFXMw75Zi9xY4PNrJsM/DConfkE6uAEHARJ5HNBskxCy5RfHEURHTvO28cRTUF7DVCBw==",
      "requires": {
        "@qtxr/ds": "^1.0.0",
        "@qtxr/utils": "^1.31.0"
      }
    },
    "@qtxr/data-cell": {
      "version": "1.7.8",
      "resolved": "https://registry.npmjs.org/@qtxr/data-cell/-/data-cell-1.7.8.tgz",
      "integrity": "sha512-TPzmTC8VGXsB++p0C6crmMYrYWLPqZrFXamTHQA5AOeN2ItkaIjBY+RvZZz54Ml/+lsuvwsZoMYkU+8se53BlQ==",
      "requires": {
        "@qtxr/bc": "^1.3.1",
        "@qtxr/request": "^3.4.1",
        "@qtxr/utils": "^1.34.2"
      },
      "dependencies": {
        "@qtxr/request": {
          "version": "3.4.1",
          "resolved": "https://registry.npmjs.org/@qtxr/request/-/request-3.4.1.tgz",
          "integrity": "sha512-1qXN8RgVWtiKPMKfCEsJnzvi4h44aD3bFujZLsL12j2KwLs1U7Of28G5+WlWpIufDVbXQk+clS7WUYafwZxz6w==",
          "requires": {
            "@qtxr/bc": "^1.3.1",
            "@qtxr/url": "^1.1.2",
            "@qtxr/utils": "^1.32.0"
          }
        }
      }
    },
    "@qtxr/ds": {
      "version": "1.0.0",
      "resolved": "https://registry.npmjs.org/@qtxr/ds/-/ds-1.0.0.tgz",
      "integrity": "sha512-IgJEbSD+AainSpYVa/5CpwuG39ww4JwTITnuVRrRos3XD5zMvPpTU7en9NAzfIwY7L/sKbge7WECJnytRes4yA==",
      "requires": {
        "@qtxr/utils": "^1.31.0"
      }
    },
    "@qtxr/evt": {
      "version": "1.1.1",
      "resolved": "https://registry.npmjs.org/@qtxr/evt/-/evt-1.1.1.tgz",
      "integrity": "sha512-GEivG2Xi5hiZED0ek2VswcVweu+uJg5zFpKa+JCgj51BiplsKW3o6f+G4b3OD24GC8+Ucl5AxZksaWzaoqDuBw==",
      "requires": {
        "@qtxr/utils": "^1.21.4"
      }
    },
    "@qtxr/form": {
      "version": "1.11.3",
      "resolved": "https://registry.npmjs.org/@qtxr/form/-/form-1.11.3.tgz",
      "integrity": "sha512-tdTW3otoOL7XP0pnYadtMx68KBzVNb1w8YkM72RUD/x2IQeNSVVrBTF0G0tKEidIn13U0Wc3gd8j7G/qyJDY1Q==",
      "requires": {
        "@qtxr/bc": "^1.3.1",
        "@qtxr/evt": "^1.1.1",
        "@qtxr/uc": "^1.6.1",
        "@qtxr/utils": "^1.35.1"
      }
    },
    "@qtxr/i18n": {
      "version": "2.3.8",
      "resolved": "https://registry.npmjs.org/@qtxr/i18n/-/i18n-2.3.8.tgz",
      "integrity": "sha512-wkI/IxOuGJPGo2OoaN+SlR0heIf8eil4Qmy8PDw9OD0iWas+gGduMdyMst/TN67rX2aob4HgnPV9mA1mRCuCvA==",
      "requires": {
        "@qtxr/bc": "^1.2.5",
        "@qtxr/request": "^3.0.5",
        "@qtxr/utils": "^1.23.2"
      }
    },
    "@qtxr/request": {
      "version": "3.1.0",
      "resolved": "https://registry.npmjs.org/@qtxr/request/-/request-3.1.0.tgz",
      "integrity": "sha512-yIsLxBZfZZSmBc7HgAN1lHakbnfVNnJJ4mvCgu9P9wMXJrclk0l835g+RHtonYz8iWXdh0+l00O/NuI+VJlU0g==",
      "requires": {
        "@qtxr/bc": "^1.2.5",
        "@qtxr/url": "^1.1.1",
        "@qtxr/utils": "^1.24.0"
      }
    },
    "@qtxr/scss-utils": {
      "version": "1.2.2",
      "resolved": "https://registry.npmjs.org/@qtxr/scss-utils/-/scss-utils-1.2.2.tgz",
      "integrity": "sha512-UWVNWJTn+i0udACRCxLv6L8tfiaQFhIZKth7+uLfZWpB3BoI33IT2kGgMW4NRraNIPqIbv0xk0wo/jBP2DMGiQ=="
    },
    "@qtxr/uc": {
      "version": "1.6.1",
      "resolved": "https://registry.npmjs.org/@qtxr/uc/-/uc-1.6.1.tgz",
      "integrity": "sha512-fPHV5Pmeg8XlmcNpqa+wVae1ozOo8oiI5oWZ/gMhq33+HohFlTzaszFXmysbDVx4Kg5FZMeCI+qtsDNl0eYyPg==",
      "requires": {
        "@qtxr/bc": "^1.3.1",
        "@qtxr/utils": "^1.34.2"
      }
    },
    "@qtxr/url": {
      "version": "1.1.3",
      "resolved": "https://registry.npmjs.org/@qtxr/url/-/url-1.1.3.tgz",
      "integrity": "sha512-CXS1wytDeHa5/RfYwaXlGh5A0+h4dOUdGvEGeiHETty4T4LYS6yDFjSQF1WYJB+9jymkaTwFDe/8W2ZQNt84uQ=="
    },
    "@qtxr/utils": {
      "version": "1.35.1",
      "resolved": "https://registry.npmjs.org/@qtxr/utils/-/utils-1.35.1.tgz",
      "integrity": "sha512-nA8Z2Q9nbw4/eR8xgqi4A55wdo4Aozg3e3XopiK0bUNn1pd7+y5lwlei4QFp0VUcxvsiGCEU829ZucSz44shqg=="
    },
    "@qtxr/viz": {
      "version": "1.0.6",
      "resolved": "https://registry.npmjs.org/@qtxr/viz/-/viz-1.0.6.tgz",
      "integrity": "sha512-kf5sI1vQWi3o0BwuvxZTWL3blw4fKhg5jO9ZCR0tnOfkxOunnoOLXX5aJ+Vu27fVyxUXXo9Rctif3qJAixcHWg==",
      "requires": {
        "@qtxr/anim": "^2.0.3",
        "@qtxr/evt": "^1.1.1",
        "@qtxr/i18n": "^2.3.8",
        "@qtxr/uc": "^1.5.2",
        "@qtxr/utils": "^1.26.0"
      }
    },
    "@qtxr/vue-form": {
      "version": "2.8.2",
      "resolved": "https://registry.npmjs.org/@qtxr/vue-form/-/vue-form-2.8.2.tgz",
      "integrity": "sha512-175adgx8ShHvQszmuR+2bt1dNODa/mBJ+l0ATlj95bKl3O59ZXTMvrkkF1zkfECpkgyOfx25/CE1b9iYDWtAQA==",
      "requires": {
        "@qtxr/evt": "^1.1.1",
        "@qtxr/form": "^1.11.3",
        "@qtxr/scss-utils": "^1.2.2",
        "@qtxr/utils": "^1.35.1"
      }
    },
    "@qtxr/vue-wrap-component": {
      "version": "2.4.0",
      "resolved": "https://registry.npmjs.org/@qtxr/vue-wrap-component/-/vue-wrap-component-2.4.0.tgz",
      "integrity": "sha512-z4iykByT13ZAuJiu5H3+atlpyljxQ5mORf15rZofVXnXoXjT6zA+GnpU+SVQxovxhNj0Q7O/qvRyDQAb1D2u9g==",
      "requires": {
        "@qtxr/utils": "^1.35.1"
      }
    }
  }
}
