{
  "name": "@qtxr/vue-admin",
  "version": "1.7.6",
  "lockfileVersion": 1,
  "requires": true,
  "dependencies": {
    "@qtxr/anim": {
      "version": "2.0.3",
      "resolved": "https://registry.npmjs.org/@qtxr/anim/-/anim-2.0.3.tgz",
      "integrity": "sha512-q+lkqbiecuk0C0phZU86BGLrMn/sFCjMPXNWvPAAuqRchwMAb+ovuH+ejgx8H1/v+U5e7gnOvuMTPFRPMyZ7EQ==",
      "requires": {
        "@qtxr/utils": "^1.21.4"
      }
    },
    "@qtxr/bc": {
      "version": "1.2.7",
      "resolved": "https://registry.npmjs.org/@qtxr/bc/-/bc-1.2.7.tgz",
      "integrity": "sha512-LsgCg3R6JQpI4xlz0cKrEpwPpU0MNoTD+3vHtck0IRVbAA7GK1VuzgO3KhxIm7FYXWuqrlz6jzW0WzSL1GPNUg==",
      "requires": {
        "@qtxr/utils": "^1.26.2"
      }
    },
    "@qtxr/data-cell": {
      "version": "1.4.4",
      "resolved": "https://registry.npmjs.org/@qtxr/data-cell/-/data-cell-1.4.4.tgz",
      "integrity": "sha512-CUIitW+txJCiU5IZq58W4/7cLo2dtYOFxiVBjuutDNoys3+em/x+H6wsX8dHIHRjp0rgqes5CpnzeIYGfRonsQ==",
      "requires": {
        "@qtxr/bc": "^1.2.7",
        "@qtxr/request": "^3.3.2",
        "@qtxr/utils": "^1.28.3"
      },
      "dependencies": {
        "@qtxr/request": {
          "version": "3.3.6",
          "resolved": "https://registry.npmjs.org/@qtxr/request/-/request-3.3.6.tgz",
          "integrity": "sha512-meeIcHxhC3aXODOGZ01rX8ljKxkz/+tFB8FCeelvILvh4+Bp2HqlMOWBxYrN2XoUe2Ju3JYU97Nd7wQ8BGNmfQ==",
          "requires": {
            "@qtxr/bc": "^1.2.7",
            "@qtxr/url": "^1.1.2",
            "@qtxr/utils": "^1.28.4"
          }
        }
      }
    },
    "@qtxr/evt": {
      "version": "1.1.1",
      "resolved": "https://registry.npmjs.org/@qtxr/evt/-/evt-1.1.1.tgz",
      "integrity": "sha512-GEivG2Xi5hiZED0ek2VswcVweu+uJg5zFpKa+JCgj51BiplsKW3o6f+G4b3OD24GC8+Ucl5AxZksaWzaoqDuBw==",
      "requires": {
        "@qtxr/utils": "^1.21.4"
      }
    },
    "@qtxr/form": {
      "version": "1.7.1",
      "resolved": "https://registry.npmjs.org/@qtxr/form/-/form-1.7.1.tgz",
      "integrity": "sha512-GtcrlUpThEA1Jqjx50ZHcfAk4K0wY7OMGw4IPhcMFz2B3g0TXz/6wY7gNUth8juEMt7OT1A4Ca/Czj99bo6CgA==",
      "requires": {
        "@qtxr/bc": "^1.2.7",
        "@qtxr/evt": "^1.1.1",
        "@qtxr/utils": "^1.30.0"
      }
    },
    "@qtxr/i18n": {
      "version": "2.3.8",
      "resolved": "https://registry.npmjs.org/@qtxr/i18n/-/i18n-2.3.8.tgz",
      "integrity": "sha512-wkI/IxOuGJPGo2OoaN+SlR0heIf8eil4Qmy8PDw9OD0iWas+gGduMdyMst/TN67rX2aob4HgnPV9mA1mRCuCvA==",
      "requires": {
        "@qtxr/bc": "^1.2.5",
        "@qtxr/request": "^3.0.5",
        "@qtxr/utils": "^1.23.2"
      }
    },
    "@qtxr/request": {
      "version": "3.1.0",
      "resolved": "https://registry.npmjs.org/@qtxr/request/-/request-3.1.0.tgz",
      "integrity": "sha512-yIsLxBZfZZSmBc7HgAN1lHakbnfVNnJJ4mvCgu9P9wMXJrclk0l835g+RHtonYz8iWXdh0+l00O/NuI+VJlU0g==",
      "requires": {
        "@qtxr/bc": "^1.2.5",
        "@qtxr/url": "^1.1.1",
        "@qtxr/utils": "^1.24.0"
      }
    },
    "@qtxr/scss-utils": {
      "version": "1.2.1",
      "resolved": "https://registry.npmjs.org/@qtxr/scss-utils/-/scss-utils-1.2.1.tgz",
      "integrity": "sha512-f8XXaNR4fvQyohy7BXMZh9mtvCeYsYNg1Ot6yxJ/Dr22a16gNnTXnlbxLK24ukY/q9qpLTn9Hbn37JL6C9socQ=="
    },
    "@qtxr/uc": {
      "version": "1.5.4",
      "resolved": "https://registry.npmjs.org/@qtxr/uc/-/uc-1.5.4.tgz",
      "integrity": "sha512-APE/uAobmfwFR6rK2u2iuktfVeu/rENKA9wEZynwyKwt7Q8XLHPmBP3axps7HyswOh94jpkAS9TNAyiao3oL8Q==",
      "requires": {
        "@qtxr/bc": "^1.2.7",
        "@qtxr/utils": "^1.27.0"
      }
    },
    "@qtxr/url": {
      "version": "1.1.2",
      "resolved": "https://registry.npmjs.org/@qtxr/url/-/url-1.1.2.tgz",
      "integrity": "sha512-ap0BA2dd2Wbxpt+uieixPvMwACDNTfjDFgMc3dhgx+JvmBFqdObmUpQSFg3vl9j1u9YhLRqQO/Vtq8AS33x+hA=="
    },
    "@qtxr/utils": {
      "version": "1.30.0",
      "resolved": "https://registry.npmjs.org/@qtxr/utils/-/utils-1.30.0.tgz",
      "integrity": "sha512-rrWGXUNpJy87At5RHB7tnLDc9A4X040oUAw3kmlBw3Nza2AhU3HYcAuGYTHwKGNiyepS6q1/PQi7Vqeqz1A25g=="
    },
    "@qtxr/viz": {
      "version": "1.0.6",
      "resolved": "https://registry.npmjs.org/@qtxr/viz/-/viz-1.0.6.tgz",
      "integrity": "sha512-kf5sI1vQWi3o0BwuvxZTWL3blw4fKhg5jO9ZCR0tnOfkxOunnoOLXX5aJ+Vu27fVyxUXXo9Rctif3qJAixcHWg==",
      "requires": {
        "@qtxr/anim": "^2.0.3",
        "@qtxr/evt": "^1.1.1",
        "@qtxr/i18n": "^2.3.8",
        "@qtxr/uc": "^1.5.2",
        "@qtxr/utils": "^1.26.0"
      }
    },
    "@qtxr/vue-form": {
      "version": "2.4.4",
      "resolved": "https://registry.npmjs.org/@qtxr/vue-form/-/vue-form-2.4.4.tgz",
      "integrity": "sha512-vZqWdRZ3ExHOcm0EF8YCp31Om3D6NU1T3UpKXOyK2cgrcQ+n2LZgbPnPMS1k43phJ3X2bx/5EmdlWuoKUpoasg==",
      "requires": {
        "@qtxr/evt": "^1.1.1",
        "@qtxr/form": "^1.7.0",
        "@qtxr/scss-utils": "^1.2.0",
        "@qtxr/utils": "^1.29.4"
      }
    },
    "@qtxr/vue-wrap-component": {
      "version": "2.3.1",
      "resolved": "https://registry.npmjs.org/@qtxr/vue-wrap-component/-/vue-wrap-component-2.3.1.tgz",
      "integrity": "sha512-X0NILO0yG97vTxZRMJORqOH4aGRHKpUv0hNVitoKCs8Lj/OETycVG0vRr1qwNEPPazyNrv30VPoRAkyW/NceVA==",
      "requires": {
        "@qtxr/utils": "^1.29.4"
      }
    }
  }
}
