{
  "name": "@qtxr/vue-admin",
  "version": "1.8.4",
  "lockfileVersion": 1,
  "requires": true,
  "dependencies": {
    "@qtxr/anim": {
      "version": "2.0.3",
      "resolved": "https://registry.npmjs.org/@qtxr/anim/-/anim-2.0.3.tgz",
      "integrity": "sha512-q+lkqbiecuk0C0phZU86BGLrMn/sFCjMPXNWvPAAuqRchwMAb+ovuH+ejgx8H1/v+U5e7gnOvuMTPFRPMyZ7EQ==",
      "requires": {
        "@qtxr/utils": "^1.21.4"
      }
    },
    "@qtxr/bc": {
      "version": "1.3.1",
      "resolved": "https://registry.npmjs.org/@qtxr/bc/-/bc-1.3.1.tgz",
      "integrity": "sha512-vdZ9GsPasfggBLERZ8zFXMw75Zi9xY4PNrJsM/DConfkE6uAEHARJ5HNBskxCy5RfHEURHTvO28cRTUF7DVCBw==",
      "requires": {
        "@qtxr/ds": "^1.0.0",
        "@qtxr/utils": "^1.31.0"
      }
    },
    "@qtxr/data-cell": {
      "version": "1.7.0",
      "resolved": "https://registry.npmjs.org/@qtxr/data-cell/-/data-cell-1.7.0.tgz",
      "integrity": "sha512-xXFnGAXudUyFX4lbbxSyakxGyaME1TLbJGNEM+H50VyXbPqKCWT4PO4lz5pW8wEf2qrQRTIXmMwQm3+NOBLCEQ==",
      "requires": {
        "@qtxr/bc": "^1.3.1",
        "@qtxr/request": "^3.4.1",
        "@qtxr/utils": "^1.32.0"
      },
      "dependencies": {
        "@qtxr/request": {
          "version": "3.4.1",
          "resolved": "https://registry.npmjs.org/@qtxr/request/-/request-3.4.1.tgz",
          "integrity": "sha512-1qXN8RgVWtiKPMKfCEsJnzvi4h44aD3bFujZLsL12j2KwLs1U7Of28G5+WlWpIufDVbXQk+clS7WUYafwZxz6w==",
          "requires": {
            "@qtxr/bc": "^1.3.1",
            "@qtxr/url": "^1.1.2",
            "@qtxr/utils": "^1.32.0"
          }
        }
      }
    },
    "@qtxr/ds": {
      "version": "1.0.0",
      "resolved": "https://registry.npmjs.org/@qtxr/ds/-/ds-1.0.0.tgz",
      "integrity": "sha512-IgJEbSD+AainSpYVa/5CpwuG39ww4JwTITnuVRrRos3XD5zMvPpTU7en9NAzfIwY7L/sKbge7WECJnytRes4yA==",
      "requires": {
        "@qtxr/utils": "^1.31.0"
      }
    },
    "@qtxr/evt": {
      "version": "1.1.1",
      "resolved": "https://registry.npmjs.org/@qtxr/evt/-/evt-1.1.1.tgz",
      "integrity": "sha512-GEivG2Xi5hiZED0ek2VswcVweu+uJg5zFpKa+JCgj51BiplsKW3o6f+G4b3OD24GC8+Ucl5AxZksaWzaoqDuBw==",
      "requires": {
        "@qtxr/utils": "^1.21.4"
      }
    },
    "@qtxr/form": {
      "version": "1.7.6",
      "resolved": "https://registry.npmjs.org/@qtxr/form/-/form-1.7.6.tgz",
      "integrity": "sha512-kk7iOiwMP2GPnnRignXsoAHL6FmMJbtsa0+tAp/TAaCRHE6DRzXrrRyVOf/CmR3UfDbAO/r+ImdyeWXzlhwLOg==",
      "requires": {
        "@qtxr/bc": "^1.2.7",
        "@qtxr/evt": "^1.1.1",
        "@qtxr/utils": "^1.30.0"
      }
    },
    "@qtxr/i18n": {
      "version": "2.3.8",
      "resolved": "https://registry.npmjs.org/@qtxr/i18n/-/i18n-2.3.8.tgz",
      "integrity": "sha512-wkI/IxOuGJPGo2OoaN+SlR0heIf8eil4Qmy8PDw9OD0iWas+gGduMdyMst/TN67rX2aob4HgnPV9mA1mRCuCvA==",
      "requires": {
        "@qtxr/bc": "^1.2.5",
        "@qtxr/request": "^3.0.5",
        "@qtxr/utils": "^1.23.2"
      }
    },
    "@qtxr/request": {
      "version": "3.1.0",
      "resolved": "https://registry.npmjs.org/@qtxr/request/-/request-3.1.0.tgz",
      "integrity": "sha512-yIsLxBZfZZSmBc7HgAN1lHakbnfVNnJJ4mvCgu9P9wMXJrclk0l835g+RHtonYz8iWXdh0+l00O/NuI+VJlU0g==",
      "requires": {
        "@qtxr/bc": "^1.2.5",
        "@qtxr/url": "^1.1.1",
        "@qtxr/utils": "^1.24.0"
      }
    },
    "@qtxr/scss-utils": {
      "version": "1.2.1",
      "resolved": "https://registry.npmjs.org/@qtxr/scss-utils/-/scss-utils-1.2.1.tgz",
      "integrity": "sha512-f8XXaNR4fvQyohy7BXMZh9mtvCeYsYNg1Ot6yxJ/Dr22a16gNnTXnlbxLK24ukY/q9qpLTn9Hbn37JL6C9socQ=="
    },
    "@qtxr/uc": {
      "version": "1.5.4",
      "resolved": "https://registry.npmjs.org/@qtxr/uc/-/uc-1.5.4.tgz",
      "integrity": "sha512-APE/uAobmfwFR6rK2u2iuktfVeu/rENKA9wEZynwyKwt7Q8XLHPmBP3axps7HyswOh94jpkAS9TNAyiao3oL8Q==",
      "requires": {
        "@qtxr/bc": "^1.2.7",
        "@qtxr/utils": "^1.27.0"
      }
    },
    "@qtxr/url": {
      "version": "1.1.2",
      "resolved": "https://registry.npmjs.org/@qtxr/url/-/url-1.1.2.tgz",
      "integrity": "sha512-ap0BA2dd2Wbxpt+uieixPvMwACDNTfjDFgMc3dhgx+JvmBFqdObmUpQSFg3vl9j1u9YhLRqQO/Vtq8AS33x+hA=="
    },
    "@qtxr/utils": {
      "version": "1.32.0",
      "resolved": "https://registry.npmjs.org/@qtxr/utils/-/utils-1.32.0.tgz",
      "integrity": "sha512-bJKMHuFBRInxleHxYLEsr8o+vJNxvgW0muZcfqdkvriEzT3xqu8fk7BdyvuW3uoElQnYCSLjig1ADcbs7HrC3Q=="
    },
    "@qtxr/viz": {
      "version": "1.0.6",
      "resolved": "https://registry.npmjs.org/@qtxr/viz/-/viz-1.0.6.tgz",
      "integrity": "sha512-kf5sI1vQWi3o0BwuvxZTWL3blw4fKhg5jO9ZCR0tnOfkxOunnoOLXX5aJ+Vu27fVyxUXXo9Rctif3qJAixcHWg==",
      "requires": {
        "@qtxr/anim": "^2.0.3",
        "@qtxr/evt": "^1.1.1",
        "@qtxr/i18n": "^2.3.8",
        "@qtxr/uc": "^1.5.2",
        "@qtxr/utils": "^1.26.0"
      }
    },
    "@qtxr/vue-form": {
      "version": "2.5.0",
      "resolved": "https://registry.npmjs.org/@qtxr/vue-form/-/vue-form-2.5.0.tgz",
      "integrity": "sha512-H/dk1uvfLQ5oNGk/e7UhpqDhhiGcPmsqVBdIvNk3OGRVlNT8v2ynpYOHKJfyxcQzEnuaQ68VYnHgSjVrFnMyhQ==",
      "requires": {
        "@qtxr/evt": "^1.1.1",
        "@qtxr/form": "^1.7.6",
        "@qtxr/scss-utils": "^1.2.0",
        "@qtxr/utils": "^1.31.1"
      }
    },
    "@qtxr/vue-wrap-component": {
      "version": "2.3.1",
      "resolved": "https://registry.npmjs.org/@qtxr/vue-wrap-component/-/vue-wrap-component-2.3.1.tgz",
      "integrity": "sha512-X0NILO0yG97vTxZRMJORqOH4aGRHKpUv0hNVitoKCs8Lj/OETycVG0vRr1qwNEPPazyNrv30VPoRAkyW/NceVA==",
      "requires": {
        "@qtxr/utils": "^1.29.4"
      }
    }
  }
}
