{
  "name": "@qtxr/scroll-stops",
  "version": "1.0.6",
  "lockfileVersion": 1,
  "requires": true,
  "dependencies": {
    "@qtxr/anim": {
      "version": "2.0.3",
      "resolved": "https://registry.npmjs.org/@qtxr/anim/-/anim-2.0.3.tgz",
      "integrity": "sha512-q+lkqbiecuk0C0phZU86BGLrMn/sFCjMPXNWvPAAuqRchwMAb+ovuH+ejgx8H1/v+U5e7gnOvuMTPFRPMyZ7EQ==",
      "requires": {
        "@qtxr/utils": "^1.21.4"
      }
    },
    "@qtxr/bc": {
      "version": "1.4.3",
      "resolved": "https://registry.npmjs.org/@qtxr/bc/-/bc-1.4.3.tgz",
      "integrity": "sha512-XuJZgyP9oDVtHmn5IX78DeSn5vVOmwmRXsZ8gxyWeJNuvJs97JOJA+EBJj3ZudeqBofvwcr4a56ZMX+W/p+mNQ==",
      "requires": {
        "@qtxr/ds": "^1.0.1",
        "@qtxr/utils": "^1.36.1"
      }
    },
    "@qtxr/color": {
      "version": "1.1.0",
      "resolved": "https://registry.npmjs.org/@qtxr/color/-/color-1.1.0.tgz",
      "integrity": "sha512-bGVvJHp9NOWkBR5vvNWkFoVO52k1lUbB4i/gE5Q3g/+MTFwh+0oo8GI3aaviaEIh//4uZ4OIODmBu32uliN5Eg=="
    },
    "@qtxr/ds": {
      "version": "1.2.0",
      "resolved": "https://registry.npmjs.org/@qtxr/ds/-/ds-1.2.0.tgz",
      "integrity": "sha512-39d/07Qz8Frl0s2+nqOrHl+ySSRWODaLEKl2rPFM/Yu7PLsDQyHsceNSSt033JUmfkhf5WMTMXd/njQzZDtudg==",
      "requires": {
        "@qtxr/utils": "^1.40.2"
      }
    },
    "@qtxr/interpolate": {
      "version": "1.0.3",
      "resolved": "https://registry.npmjs.org/@qtxr/interpolate/-/interpolate-1.0.3.tgz",
      "integrity": "sha512-7kHs6sGLFuoNrTPLTKDfx/J15JzR6Ss7L+mBfUDUK4eCcJC08qfwCukcVBYgQih1R3nfo3WQB8X61ZfZNOk02w==",
      "requires": {
        "@qtxr/anim": "^2.0.3",
        "@qtxr/color": "^1.1.0",
        "@qtxr/utils": "^1.40.2"
      }
    },
    "@qtxr/utils": {
      "version": "1.40.2",
      "resolved": "https://registry.npmjs.org/@qtxr/utils/-/utils-1.40.2.tgz",
      "integrity": "sha512-ohNKM8IoEg/QlwvfbAFZylY6tS9PqabOulbV+cXIel4oP3+fYRjarI53smUY4dvRgjz5LKknMlswhvj3FsW7GA=="
    }
  }
}
