{
  "name": "@qtxr/scroll-stops",
  "version": "1.0.7",
  "lockfileVersion": 1,
  "requires": true,
  "dependencies": {
    "@qtxr/anim": {
      "version": "2.0.4",
      "resolved": "https://registry.npmjs.org/@qtxr/anim/-/anim-2.0.4.tgz",
      "integrity": "sha512-RkY8DM7ndo3yQxmJ2kzBBv31KyIx9/FzddBEbJt3Ps2eqJkCLnUIRLiaxYi+nfhptFgL795AmnjhR5fjmQPANw==",
      "requires": {
        "@qtxr/utils": "^1.58.1"
      }
    },
    "@qtxr/bc": {
      "version": "1.5.1",
      "resolved": "https://registry.npmjs.org/@qtxr/bc/-/bc-1.5.1.tgz",
      "integrity": "sha512-Dl12r8eezslNOtHyan4x14YFVcVITgB+y/DQvXip7AIIT0pB2NTMBGDYccHUYyzjqyGtsH8b4w7qe/fn5KbJug==",
      "requires": {
        "@qtxr/ds": "^1.4.3",
        "@qtxr/utils": "^1.58.1"
      }
    },
    "@qtxr/color": {
      "version": "1.2.1",
      "resolved": "https://registry.npmjs.org/@qtxr/color/-/color-1.2.1.tgz",
      "integrity": "sha512-zohv3osuJQpb+8kZ7hzCfzkSdmKbF1WQLGf92OparZUcnWkpQo82vWbJmMBC3o+2RvI9gr2gRTow1kdlK5oODA=="
    },
    "@qtxr/ds": {
      "version": "1.4.3",
      "resolved": "https://registry.npmjs.org/@qtxr/ds/-/ds-1.4.3.tgz",
      "integrity": "sha512-Ezeq+sZQ1kQszM/keIw8HK+S/mXEan2hrAsvjXrLfiZqav0AQazV0ujV2u2TNlOgLcmBX8iSip3fs5QYeYWY/A==",
      "requires": {
        "@qtxr/utils": "^1.54.0"
      }
    },
    "@qtxr/interpolate": {
      "version": "1.0.5",
      "resolved": "https://registry.npmjs.org/@qtxr/interpolate/-/interpolate-1.0.5.tgz",
      "integrity": "sha512-+o7xI1EA6SGGLf4YUeP+M9h2C02eTjc57jhdAuVe37xuGAGcejepSJ1lqH0CebJrYfMdPPw8/CKJ3atIyEJuYQ==",
      "requires": {
        "@qtxr/anim": "^2.0.4",
        "@qtxr/color": "^1.2.1",
        "@qtxr/utils": "^1.58.1"
      }
    },
    "@qtxr/utils": {
      "version": "1.58.1",
      "resolved": "https://registry.npmjs.org/@qtxr/utils/-/utils-1.58.1.tgz",
      "integrity": "sha512-cYKMyxC7z6ssnI+tcKc0iW5XGS/S6Pgb9I+Cay+u4AqVHlm9tSf68z+8JiKJ1g5tfgJAUgLQUE//5e+vzUcm3w=="
    }
  }
}
