{
  "name": "@qtxr/scroll-stops",
  "version": "1.0.1",
  "lockfileVersion": 1,
  "requires": true,
  "dependencies": {
    "@qtxr/anim": {
      "version": "2.0.3",
      "resolved": "https://registry.npmjs.org/@qtxr/anim/-/anim-2.0.3.tgz",
      "integrity": "sha512-q+lkqbiecuk0C0phZU86BGLrMn/sFCjMPXNWvPAAuqRchwMAb+ovuH+ejgx8H1/v+U5e7gnOvuMTPFRPMyZ7EQ==",
      "requires": {
        "@qtxr/utils": "^1.21.4"
      }
    },
    "@qtxr/bc": {
      "version": "1.2.5",
      "resolved": "https://registry.npmjs.org/@qtxr/bc/-/bc-1.2.5.tgz",
      "integrity": "sha512-EyvpMsMSXBgZdhAD1W1HKQVlXIWxaHR91ILKxKUCrdraO29hwMR25ATGpXO6M73VHAHuatuOVLUJlg1Il4Q20A==",
      "requires": {
        "@qtxr/utils": "^1.21.4"
      }
    },
    "@qtxr/color": {
      "version": "1.0.2",
      "resolved": "https://registry.npmjs.org/@qtxr/color/-/color-1.0.2.tgz",
      "integrity": "sha512-QisjESOjOtDfWOCtzN6inYA/RVk4fkDGQNsBu+5AUmCI+Cn/sqzA2gu5o+895dgmvL4LuFIKTHuCJQKvLmXTKg=="
    },
    "@qtxr/interpolate": {
      "version": "1.0.2",
      "resolved": "https://registry.npmjs.org/@qtxr/interpolate/-/interpolate-1.0.2.tgz",
      "integrity": "sha512-ZRWSBKWids8lJoJ5m5ytfAFANHuourvm8+ePK0d3fyya31blMv3OjGmRPXf63t6sX5/kNWmpyz79ziBWz5FIpA==",
      "requires": {
        "@qtxr/anim": "^2.0.3",
        "@qtxr/color": "^1.0.2",
        "@qtxr/utils": "^1.21.4"
      }
    },
    "@qtxr/utils": {
      "version": "1.21.4",
      "resolved": "https://registry.npmjs.org/@qtxr/utils/-/utils-1.21.4.tgz",
      "integrity": "sha512-LJoihWzhg9x7HhPxJ35JmpuDbvvygask3uVZWQ2cwQznnleyFk2BQSsSqBT5VPURZw9kMjgRJy+v6U+UM2yrOw=="
    }
  }
}
